// !$*UTF8*$!
{
	archiveVersion = 1;
	classes = {
	};
	objectVersion = 56;
	objects = {

/* Begin PBXBuildFile section */
		EC097CBE28EE4201008C8762 /* Paul_App_iPadOSApp.swift in Sources */ = {isa = PBXBuildFile; fileRef = EC097CBD28EE4201008C8762 /* Paul_App_iPadOSApp.swift */; };
		EC097CC028EE4201008C8762 /* MainMenu.swift in Sources */ = {isa = PBXBuildFile; fileRef = EC097CBF28EE4201008C8762 /* MainMenu.swift */; };
		EC097CC228EE4201008C8762 /* Assets.xcassets in Resources */ = {isa = PBXBuildFile; fileRef = EC097CC128EE4201008C8762 /* Assets.xcassets */; };
		EC097CC528EE4201008C8762 /* Preview Assets.xcassets in Resources */ = {isa = PBXBuildFile; fileRef = EC097CC428EE4201008C8762 /* Preview Assets.xcassets */; };
		EC097CC928EE4214008C8762 /* TicTacToeEngine.swift in Sources */ = {isa = PBXBuildFile; fileRef = EC17A42628EE1A3600486844 /* TicTacToeEngine.swift */; };
		EC097CCA28EE4217008C8762 /* RasterFeld.swift in Sources */ = {isa = PBXBuildFile; fileRef = EC17A42C28EE1B2300486844 /* RasterFeld.swift */; };
		EC097CCB28EE421A008C8762 /* Assets.xcassets in Resources */ = {isa = PBXBuildFile; fileRef = EC17A42928EE1AF200486844 /* Assets.xcassets */; };
		EC097CD028EE42D4008C8762 /* TicTacToeGui.swift in Sources */ = {isa = PBXBuildFile; fileRef = EC097CCF28EE42D4008C8762 /* TicTacToeGui.swift */; };
		EC097CD528EEF578008C8762 /* AppDelegate.swift in Sources */ = {isa = PBXBuildFile; fileRef = EC097CD428EEF578008C8762 /* AppDelegate.swift */; };
		EC097CD728EEF578008C8762 /* AppDelegate.swift in Sources */ = {isa = PBXBuildFile; fileRef = EC097CD428EEF578008C8762 /* AppDelegate.swift */; };
		EC097CDE28EF0A27008C8762 /* PaintMainGui.swift in Sources */ = {isa = PBXBuildFile; fileRef = EC097CDD28EF0A27008C8762 /* PaintMainGui.swift */; };
		EC097CE128EF126D008C8762 /* Linie.swift in Sources */ = {isa = PBXBuildFile; fileRef = EC097CE028EF126D008C8762 /* Linie.swift */; };
		EC097CE228EF126D008C8762 /* Linie.swift in Sources */ = {isa = PBXBuildFile; fileRef = EC097CE028EF126D008C8762 /* Linie.swift */; };
		EC097CE328EF126D008C8762 /* Linie.swift in Sources */ = {isa = PBXBuildFile; fileRef = EC097CE028EF126D008C8762 /* Linie.swift */; };
		EC097CE628EF1521008C8762 /* PaintMainGui.swift in Sources */ = {isa = PBXBuildFile; fileRef = EC097CE528EF1521008C8762 /* PaintMainGui.swift */; };
		EC097CE828EF15A5008C8762 /* PaintEngine.swift in Sources */ = {isa = PBXBuildFile; fileRef = EC097CE728EF15A5008C8762 /* PaintEngine.swift */; };
		EC097CE928EF15A5008C8762 /* PaintEngine.swift in Sources */ = {isa = PBXBuildFile; fileRef = EC097CE728EF15A5008C8762 /* PaintEngine.swift */; };
		EC097CEA28EF15A5008C8762 /* PaintEngine.swift in Sources */ = {isa = PBXBuildFile; fileRef = EC097CE728EF15A5008C8762 /* PaintEngine.swift */; };
		EC097CED28EF1986008C8762 /* PaintMainGui.swift in Sources */ = {isa = PBXBuildFile; fileRef = EC097CEC28EF1986008C8762 /* PaintMainGui.swift */; };
		EC17A40528EE19A400486844 /* Paul_App_iOSApp.swift in Sources */ = {isa = PBXBuildFile; fileRef = EC17A40428EE19A400486844 /* Paul_App_iOSApp.swift */; };
		EC17A40728EE19A400486844 /* MainMenu.swift in Sources */ = {isa = PBXBuildFile; fileRef = EC17A40628EE19A400486844 /* MainMenu.swift */; };
		EC17A40928EE19A500486844 /* Assets.xcassets in Resources */ = {isa = PBXBuildFile; fileRef = EC17A40828EE19A500486844 /* Assets.xcassets */; };
		EC17A40C28EE19A500486844 /* Preview Assets.xcassets in Resources */ = {isa = PBXBuildFile; fileRef = EC17A40B28EE19A500486844 /* Preview Assets.xcassets */; };
		EC17A41828EE19E000486844 /* Paul_App_MacOSApp.swift in Sources */ = {isa = PBXBuildFile; fileRef = EC17A41728EE19E000486844 /* Paul_App_MacOSApp.swift */; };
		EC17A41A28EE19E000486844 /* MainMenu.swift in Sources */ = {isa = PBXBuildFile; fileRef = EC17A41928EE19E000486844 /* MainMenu.swift */; };
		EC17A41C28EE19E000486844 /* Assets.xcassets in Resources */ = {isa = PBXBuildFile; fileRef = EC17A41B28EE19E000486844 /* Assets.xcassets */; };
		EC17A41F28EE19E000486844 /* Preview Assets.xcassets in Resources */ = {isa = PBXBuildFile; fileRef = EC17A41E28EE19E000486844 /* Preview Assets.xcassets */; };
		EC17A42728EE1A3600486844 /* TicTacToeEngine.swift in Sources */ = {isa = PBXBuildFile; fileRef = EC17A42628EE1A3600486844 /* TicTacToeEngine.swift */; };
		EC17A42828EE1A3600486844 /* TicTacToeEngine.swift in Sources */ = {isa = PBXBuildFile; fileRef = EC17A42628EE1A3600486844 /* TicTacToeEngine.swift */; };
		EC17A42A28EE1AF200486844 /* Assets.xcassets in Resources */ = {isa = PBXBuildFile; fileRef = EC17A42928EE1AF200486844 /* Assets.xcassets */; };
		EC17A42B28EE1AF200486844 /* Assets.xcassets in Resources */ = {isa = PBXBuildFile; fileRef = EC17A42928EE1AF200486844 /* Assets.xcassets */; };
		EC17A42D28EE1B2300486844 /* RasterFeld.swift in Sources */ = {isa = PBXBuildFile; fileRef = EC17A42C28EE1B2300486844 /* RasterFeld.swift */; };
		EC17A42E28EE1B2300486844 /* RasterFeld.swift in Sources */ = {isa = PBXBuildFile; fileRef = EC17A42C28EE1B2300486844 /* RasterFeld.swift */; };
		EC17A43128EE1BF700486844 /* TicTacToeGui.swift in Sources */ = {isa = PBXBuildFile; fileRef = EC17A43028EE1BF700486844 /* TicTacToeGui.swift */; };
		EC17A43428EE1D7900486844 /* TicTacToeGui.swift in Sources */ = {isa = PBXBuildFile; fileRef = EC17A43328EE1D7900486844 /* TicTacToeGui.swift */; };
		EC2FC13D28F45E4E001AE90E /* Path.swift in Sources */ = {isa = PBXBuildFile; fileRef = EC2FC13C28F45E4E001AE90E /* Path.swift */; };
		EC2FC13E28F45E4E001AE90E /* Path.swift in Sources */ = {isa = PBXBuildFile; fileRef = EC2FC13C28F45E4E001AE90E /* Path.swift */; };
		EC2FC13F28F45E4E001AE90E /* Path.swift in Sources */ = {isa = PBXBuildFile; fileRef = EC2FC13C28F45E4E001AE90E /* Path.swift */; };
		EC2FC14B28F4BB5D001AE90E /* ScoreIndicator.swift in Sources */ = {isa = PBXBuildFile; fileRef = EC2FC14A28F4BB5D001AE90E /* ScoreIndicator.swift */; };
		EC2FC14C28F4BB5D001AE90E /* ScoreIndicator.swift in Sources */ = {isa = PBXBuildFile; fileRef = EC2FC14A28F4BB5D001AE90E /* ScoreIndicator.swift */; };
		EC2FC14D28F4BB5D001AE90E /* ScoreIndicator.swift in Sources */ = {isa = PBXBuildFile; fileRef = EC2FC14A28F4BB5D001AE90E /* ScoreIndicator.swift */; };
		EC44F72D28F0317F007650DB /* Painting.swift in Sources */ = {isa = PBXBuildFile; fileRef = EC44F72C28F0317F007650DB /* Painting.swift */; };
		EC44F72E28F0317F007650DB /* Painting.swift in Sources */ = {isa = PBXBuildFile; fileRef = EC44F72C28F0317F007650DB /* Painting.swift */; };
		EC44F72F28F0317F007650DB /* Painting.swift in Sources */ = {isa = PBXBuildFile; fileRef = EC44F72C28F0317F007650DB /* Painting.swift */; };
		EC4F137A28EF82AF000B186E /* FarbWaehler.swift in Sources */ = {isa = PBXBuildFile; fileRef = EC4F137928EF82AF000B186E /* FarbWaehler.swift */; };
		EC4F137B28EF82AF000B186E /* FarbWaehler.swift in Sources */ = {isa = PBXBuildFile; fileRef = EC4F137928EF82AF000B186E /* FarbWaehler.swift */; };
		EC4F137C28EF82AF000B186E /* FarbWaehler.swift in Sources */ = {isa = PBXBuildFile; fileRef = EC4F137928EF82AF000B186E /* FarbWaehler.swift */; };
		EC70AE6428F13AF000965BA7 /* ObjectSelector.swift in Sources */ = {isa = PBXBuildFile; fileRef = EC70AE6328F13AF000965BA7 /* ObjectSelector.swift */; };
		EC70AE6528F13AF000965BA7 /* ObjectSelector.swift in Sources */ = {isa = PBXBuildFile; fileRef = EC70AE6328F13AF000965BA7 /* ObjectSelector.swift */; };
		EC70AE6628F13AF000965BA7 /* ObjectSelector.swift in Sources */ = {isa = PBXBuildFile; fileRef = EC70AE6328F13AF000965BA7 /* ObjectSelector.swift */; };
		EC70AE6828F13E1500965BA7 /* DrawingObjectView.swift in Sources */ = {isa = PBXBuildFile; fileRef = EC70AE6728F13E1500965BA7 /* DrawingObjectView.swift */; };
		EC70AE6928F13E1500965BA7 /* DrawingObjectView.swift in Sources */ = {isa = PBXBuildFile; fileRef = EC70AE6728F13E1500965BA7 /* DrawingObjectView.swift */; };
		EC70AE6A28F13E1500965BA7 /* DrawingObjectView.swift in Sources */ = {isa = PBXBuildFile; fileRef = EC70AE6728F13E1500965BA7 /* DrawingObjectView.swift */; };
		EC70AE6C28F13F9800965BA7 /* DrawingObjekteEnum.swift in Sources */ = {isa = PBXBuildFile; fileRef = EC70AE6B28F13F9800965BA7 /* DrawingObjekteEnum.swift */; };
		EC70AE6D28F13F9800965BA7 /* DrawingObjekteEnum.swift in Sources */ = {isa = PBXBuildFile; fileRef = EC70AE6B28F13F9800965BA7 /* DrawingObjekteEnum.swift */; };
		EC70AE6E28F13F9800965BA7 /* DrawingObjekteEnum.swift in Sources */ = {isa = PBXBuildFile; fileRef = EC70AE6B28F13F9800965BA7 /* DrawingObjekteEnum.swift */; };
		EC70AE7828F1D8F500965BA7 /* Dickenwaehler.swift in Sources */ = {isa = PBXBuildFile; fileRef = EC70AE7728F1D8F500965BA7 /* Dickenwaehler.swift */; };
		EC70AE7928F1D8F500965BA7 /* Dickenwaehler.swift in Sources */ = {isa = PBXBuildFile; fileRef = EC70AE7728F1D8F500965BA7 /* Dickenwaehler.swift */; };
		EC70AE7A28F1D8F500965BA7 /* Dickenwaehler.swift in Sources */ = {isa = PBXBuildFile; fileRef = EC70AE7728F1D8F500965BA7 /* Dickenwaehler.swift */; };
		EC70AE7C28F1D9F800965BA7 /* ObjectPlacementButton.swift in Sources */ = {isa = PBXBuildFile; fileRef = EC70AE7B28F1D9F800965BA7 /* ObjectPlacementButton.swift */; };
		EC70AE7D28F1D9F800965BA7 /* ObjectPlacementButton.swift in Sources */ = {isa = PBXBuildFile; fileRef = EC70AE7B28F1D9F800965BA7 /* ObjectPlacementButton.swift */; };
		EC70AE7E28F1D9F800965BA7 /* ObjectPlacementButton.swift in Sources */ = {isa = PBXBuildFile; fileRef = EC70AE7B28F1D9F800965BA7 /* ObjectPlacementButton.swift */; };
		EC7BA5AF29072BBA00B74798 /* WelcomeView.swift in Sources */ = {isa = PBXBuildFile; fileRef = EC7BA5AE29072BBA00B74798 /* WelcomeView.swift */; };
		EC7BA5B029072BBA00B74798 /* WelcomeView.swift in Sources */ = {isa = PBXBuildFile; fileRef = EC7BA5AE29072BBA00B74798 /* WelcomeView.swift */; };
		EC7BA5B129072BBA00B74798 /* WelcomeView.swift in Sources */ = {isa = PBXBuildFile; fileRef = EC7BA5AE29072BBA00B74798 /* WelcomeView.swift */; };
		EC7BA5B329072CD400B74798 /* GameSceneModifierMac.swift in Sources */ = {isa = PBXBuildFile; fileRef = EC7BA5B229072CD400B74798 /* GameSceneModifierMac.swift */; };
		EC7BA5B529072CF900B74798 /* PongMenu.swift in Sources */ = {isa = PBXBuildFile; fileRef = EC7BA5B429072CF900B74798 /* PongMenu.swift */; };
		EC8C5E35290935C800E5B325 /* GuessView.swift in Sources */ = {isa = PBXBuildFile; fileRef = EC8C5E34290935C800E5B325 /* GuessView.swift */; };
		EC8C5E372909371900E5B325 /* GuessEngine.swift in Sources */ = {isa = PBXBuildFile; fileRef = EC8C5E362909371900E5B325 /* GuessEngine.swift */; };
		EC8C5E382909371900E5B325 /* GuessEngine.swift in Sources */ = {isa = PBXBuildFile; fileRef = EC8C5E362909371900E5B325 /* GuessEngine.swift */; };
		EC8C5E392909371900E5B325 /* GuessEngine.swift in Sources */ = {isa = PBXBuildFile; fileRef = EC8C5E362909371900E5B325 /* GuessEngine.swift */; };
		EC8C5E3C290937BC00E5B325 /* NumberView.swift in Sources */ = {isa = PBXBuildFile; fileRef = EC8C5E3B290937BC00E5B325 /* NumberView.swift */; };
		EC8C5E3D290937BC00E5B325 /* NumberView.swift in Sources */ = {isa = PBXBuildFile; fileRef = EC8C5E3B290937BC00E5B325 /* NumberView.swift */; };
		EC8C5E3E290937BC00E5B325 /* NumberView.swift in Sources */ = {isa = PBXBuildFile; fileRef = EC8C5E3B290937BC00E5B325 /* NumberView.swift */; };
		EC8C5E402909395900E5B325 /* NumberEnums.swift in Sources */ = {isa = PBXBuildFile; fileRef = EC8C5E3F2909395900E5B325 /* NumberEnums.swift */; };
		EC8C5E412909395900E5B325 /* NumberEnums.swift in Sources */ = {isa = PBXBuildFile; fileRef = EC8C5E3F2909395900E5B325 /* NumberEnums.swift */; };
		EC8C5E422909395900E5B325 /* NumberEnums.swift in Sources */ = {isa = PBXBuildFile; fileRef = EC8C5E3F2909395900E5B325 /* NumberEnums.swift */; };
		EC8C5E442909498200E5B325 /* WinTable.swift in Sources */ = {isa = PBXBuildFile; fileRef = EC8C5E432909498200E5B325 /* WinTable.swift */; };
		EC8C5E452909498200E5B325 /* WinTable.swift in Sources */ = {isa = PBXBuildFile; fileRef = EC8C5E432909498200E5B325 /* WinTable.swift */; };
		EC8C5E462909498200E5B325 /* WinTable.swift in Sources */ = {isa = PBXBuildFile; fileRef = EC8C5E432909498200E5B325 /* WinTable.swift */; };
		EC8C5E4829094EA400E5B325 /* GuessButtons.swift in Sources */ = {isa = PBXBuildFile; fileRef = EC8C5E4729094EA400E5B325 /* GuessButtons.swift */; };
		EC8C5E4929094EA400E5B325 /* GuessButtons.swift in Sources */ = {isa = PBXBuildFile; fileRef = EC8C5E4729094EA400E5B325 /* GuessButtons.swift */; };
		EC8C5E4A29094EA400E5B325 /* GuessButtons.swift in Sources */ = {isa = PBXBuildFile; fileRef = EC8C5E4729094EA400E5B325 /* GuessButtons.swift */; };
		EC8C5E4D29094F5700E5B325 /* GuessView.swift in Sources */ = {isa = PBXBuildFile; fileRef = EC8C5E4C29094F5700E5B325 /* GuessView.swift */; };
		EC8C5E4F2909529100E5B325 /* NumberViewHelper.swift in Sources */ = {isa = PBXBuildFile; fileRef = EC8C5E4E2909529100E5B325 /* NumberViewHelper.swift */; };
		EC8C5E502909529100E5B325 /* NumberViewHelper.swift in Sources */ = {isa = PBXBuildFile; fileRef = EC8C5E4E2909529100E5B325 /* NumberViewHelper.swift */; };
		EC8C5E512909529100E5B325 /* NumberViewHelper.swift in Sources */ = {isa = PBXBuildFile; fileRef = EC8C5E4E2909529100E5B325 /* NumberViewHelper.swift */; };
		EC8E994F28FB5DF300B169BC /* GameEnums.swift in Sources */ = {isa = PBXBuildFile; fileRef = EC8E994E28FB5DF300B169BC /* GameEnums.swift */; };
		EC8E995128FB5DF300B169BC /* GameEnums.swift in Sources */ = {isa = PBXBuildFile; fileRef = EC8E994E28FB5DF300B169BC /* GameEnums.swift */; };
		EC8E995328FBEED300B169BC /* PongMenu.swift in Sources */ = {isa = PBXBuildFile; fileRef = EC8E995228FBEED300B169BC /* PongMenu.swift */; };
		EC8E995628FBF42000B169BC /* NavigationBarColor.swift in Sources */ = {isa = PBXBuildFile; fileRef = EC8E995528FBF42000B169BC /* NavigationBarColor.swift */; };
		EC8E995828FBF42000B169BC /* NavigationBarColor.swift in Sources */ = {isa = PBXBuildFile; fileRef = EC8E995528FBF42000B169BC /* NavigationBarColor.swift */; };
		EC8E996F28FC0B4C00B169BC /* GameSceneModifier.swift in Sources */ = {isa = PBXBuildFile; fileRef = EC8E996E28FC0B4C00B169BC /* GameSceneModifier.swift */; };
		EC8E997728FC33AD00B169BC /* GameView.swift in Sources */ = {isa = PBXBuildFile; fileRef = EC8E997428FC33AD00B169BC /* GameView.swift */; };
		EC8E997B28FC33B400B169BC /* PongMenu.swift in Sources */ = {isa = PBXBuildFile; fileRef = EC8E997828FC33B400B169BC /* PongMenu.swift */; };
		EC8E997F28FC33C200B169BC /* GameSceneModifier.swift in Sources */ = {isa = PBXBuildFile; fileRef = EC8E997C28FC33C200B169BC /* GameSceneModifier.swift */; };
		EC8E998728FC81E300B169BC /* GameView.swift in Sources */ = {isa = PBXBuildFile; fileRef = EC8E998528FC81E300B169BC /* GameView.swift */; };
		ECA3042B2906C6480095E624 /* GameEnums.swift in Sources */ = {isa = PBXBuildFile; fileRef = EC8E994E28FB5DF300B169BC /* GameEnums.swift */; };
		ECA3042C2906C6570095E624 /* GameScene.swift in Sources */ = {isa = PBXBuildFile; fileRef = ECE7637628FAB4C4005F2D1D /* GameScene.swift */; };
		ECA3042D2906C65A0095E624 /* EventListener.swift in Sources */ = {isa = PBXBuildFile; fileRef = ECE7637A28FB0B1D005F2D1D /* EventListener.swift */; };
		ECA3042E2906C65D0095E624 /* ObjectSummoner.swift in Sources */ = {isa = PBXBuildFile; fileRef = ECE7638628FB16C3005F2D1D /* ObjectSummoner.swift */; };
		ECE7637728FAB4C4005F2D1D /* GameScene.swift in Sources */ = {isa = PBXBuildFile; fileRef = ECE7637628FAB4C4005F2D1D /* GameScene.swift */; };
		ECE7637928FAB4C4005F2D1D /* GameScene.swift in Sources */ = {isa = PBXBuildFile; fileRef = ECE7637628FAB4C4005F2D1D /* GameScene.swift */; };
		ECE7637B28FB0B1D005F2D1D /* EventListener.swift in Sources */ = {isa = PBXBuildFile; fileRef = ECE7637A28FB0B1D005F2D1D /* EventListener.swift */; };
		ECE7637D28FB0B1D005F2D1D /* EventListener.swift in Sources */ = {isa = PBXBuildFile; fileRef = ECE7637A28FB0B1D005F2D1D /* EventListener.swift */; };
		ECE7638428FB1528005F2D1D /* Launch Screen.storyboard in Resources */ = {isa = PBXBuildFile; fileRef = ECE7638328FB1528005F2D1D /* Launch Screen.storyboard */; };
		ECE7638528FB1528005F2D1D /* Launch Screen.storyboard in Resources */ = {isa = PBXBuildFile; fileRef = ECE7638328FB1528005F2D1D /* Launch Screen.storyboard */; };
		ECE7638728FB16C3005F2D1D /* ObjectSummoner.swift in Sources */ = {isa = PBXBuildFile; fileRef = ECE7638628FB16C3005F2D1D /* ObjectSummoner.swift */; };
		ECE7638928FB16C3005F2D1D /* ObjectSummoner.swift in Sources */ = {isa = PBXBuildFile; fileRef = ECE7638628FB16C3005F2D1D /* ObjectSummoner.swift */; };
		ECE827A3290A579D008AF2F2 /* GuessView.swift in Sources */ = {isa = PBXBuildFile; fileRef = ECE827A2290A579D008AF2F2 /* GuessView.swift */; };
		ECFB56A428F6F338006A3056 /* GameView.swift in Sources */ = {isa = PBXBuildFile; fileRef = ECFB56A328F6F338006A3056 /* GameView.swift */; };
		ECFB56A728F6F434006A3056 /* SpriteKit.framework in Frameworks */ = {isa = PBXBuildFile; fileRef = ECFB568D28F5CDCD006A3056 /* SpriteKit.framework */; };
		ECFB56A928F6F43D006A3056 /* SpriteKit.framework in Frameworks */ = {isa = PBXBuildFile; fileRef = ECFB56A828F6F43D006A3056 /* SpriteKit.framework */; };
		ECFB56AA28F6F448006A3056 /* SpriteKit.framework in Frameworks */ = {isa = PBXBuildFile; fileRef = ECFB568D28F5CDCD006A3056 /* SpriteKit.framework */; };
/* End PBXBuildFile section */

/* Begin PBXFileReference section */
		EC097CBB28EE4201008C8762 /* Paul-App-iPadOS.app */ = {isa = PBXFileReference; explicitFileType = wrapper.application; includeInIndex = 0; path = "Paul-App-iPadOS.app"; sourceTree = BUILT_PRODUCTS_DIR; };
		EC097CBD28EE4201008C8762 /* Paul_App_iPadOSApp.swift */ = {isa = PBXFileReference; lastKnownFileType = sourcecode.swift; path = Paul_App_iPadOSApp.swift; sourceTree = "<group>"; };
		EC097CBF28EE4201008C8762 /* MainMenu.swift */ = {isa = PBXFileReference; lastKnownFileType = sourcecode.swift; path = MainMenu.swift; sourceTree = "<group>"; };
		EC097CC128EE4201008C8762 /* Assets.xcassets */ = {isa = PBXFileReference; lastKnownFileType = folder.assetcatalog; path = Assets.xcassets; sourceTree = "<group>"; };
		EC097CC428EE4201008C8762 /* Preview Assets.xcassets */ = {isa = PBXFileReference; lastKnownFileType = folder.assetcatalog; path = "Preview Assets.xcassets"; sourceTree = "<group>"; };
		EC097CCD28EE4289008C8762 /* Info.plist */ = {isa = PBXFileReference; lastKnownFileType = text.plist.xml; path = Info.plist; sourceTree = "<group>"; };
		EC097CCF28EE42D4008C8762 /* TicTacToeGui.swift */ = {isa = PBXFileReference; lastKnownFileType = sourcecode.swift; path = TicTacToeGui.swift; sourceTree = "<group>"; };
		EC097CD428EEF578008C8762 /* AppDelegate.swift */ = {isa = PBXFileReference; lastKnownFileType = sourcecode.swift; path = AppDelegate.swift; sourceTree = "<group>"; };
		EC097CDD28EF0A27008C8762 /* PaintMainGui.swift */ = {isa = PBXFileReference; lastKnownFileType = sourcecode.swift; path = PaintMainGui.swift; sourceTree = "<group>"; };
		EC097CE028EF126D008C8762 /* Linie.swift */ = {isa = PBXFileReference; lastKnownFileType = sourcecode.swift; path = Linie.swift; sourceTree = "<group>"; };
		EC097CE528EF1521008C8762 /* PaintMainGui.swift */ = {isa = PBXFileReference; lastKnownFileType = sourcecode.swift; path = PaintMainGui.swift; sourceTree = "<group>"; };
		EC097CE728EF15A5008C8762 /* PaintEngine.swift */ = {isa = PBXFileReference; lastKnownFileType = sourcecode.swift; path = PaintEngine.swift; sourceTree = "<group>"; };
		EC097CEC28EF1986008C8762 /* PaintMainGui.swift */ = {isa = PBXFileReference; lastKnownFileType = sourcecode.swift; path = PaintMainGui.swift; sourceTree = "<group>"; };
		EC17A40128EE19A400486844 /* Paul-App-iOS.app */ = {isa = PBXFileReference; explicitFileType = wrapper.application; includeInIndex = 0; path = "Paul-App-iOS.app"; sourceTree = BUILT_PRODUCTS_DIR; };
		EC17A40428EE19A400486844 /* Paul_App_iOSApp.swift */ = {isa = PBXFileReference; lastKnownFileType = sourcecode.swift; path = Paul_App_iOSApp.swift; sourceTree = "<group>"; };
		EC17A40628EE19A400486844 /* MainMenu.swift */ = {isa = PBXFileReference; lastKnownFileType = sourcecode.swift; path = MainMenu.swift; sourceTree = "<group>"; };
		EC17A40828EE19A500486844 /* Assets.xcassets */ = {isa = PBXFileReference; lastKnownFileType = folder.assetcatalog; path = Assets.xcassets; sourceTree = "<group>"; };
		EC17A40B28EE19A500486844 /* Preview Assets.xcassets */ = {isa = PBXFileReference; lastKnownFileType = folder.assetcatalog; path = "Preview Assets.xcassets"; sourceTree = "<group>"; };
		EC17A40D28EE19A500486844 /* Paul_App_iOS.entitlements */ = {isa = PBXFileReference; lastKnownFileType = text.plist.entitlements; path = Paul_App_iOS.entitlements; sourceTree = "<group>"; };
		EC17A41528EE19E000486844 /* Paul-App-MacOS.app */ = {isa = PBXFileReference; explicitFileType = wrapper.application; includeInIndex = 0; path = "Paul-App-MacOS.app"; sourceTree = BUILT_PRODUCTS_DIR; };
		EC17A41728EE19E000486844 /* Paul_App_MacOSApp.swift */ = {isa = PBXFileReference; lastKnownFileType = sourcecode.swift; path = Paul_App_MacOSApp.swift; sourceTree = "<group>"; };
		EC17A41928EE19E000486844 /* MainMenu.swift */ = {isa = PBXFileReference; lastKnownFileType = sourcecode.swift; path = MainMenu.swift; sourceTree = "<group>"; };
		EC17A41B28EE19E000486844 /* Assets.xcassets */ = {isa = PBXFileReference; lastKnownFileType = folder.assetcatalog; path = Assets.xcassets; sourceTree = "<group>"; };
		EC17A41E28EE19E000486844 /* Preview Assets.xcassets */ = {isa = PBXFileReference; lastKnownFileType = folder.assetcatalog; path = "Preview Assets.xcassets"; sourceTree = "<group>"; };
		EC17A42028EE19E000486844 /* Paul_App_MacOS.entitlements */ = {isa = PBXFileReference; lastKnownFileType = text.plist.entitlements; path = Paul_App_MacOS.entitlements; sourceTree = "<group>"; };
		EC17A42628EE1A3600486844 /* TicTacToeEngine.swift */ = {isa = PBXFileReference; lastKnownFileType = sourcecode.swift; path = TicTacToeEngine.swift; sourceTree = "<group>"; };
		EC17A42928EE1AF200486844 /* Assets.xcassets */ = {isa = PBXFileReference; lastKnownFileType = folder.assetcatalog; path = Assets.xcassets; sourceTree = "<group>"; };
		EC17A42C28EE1B2300486844 /* RasterFeld.swift */ = {isa = PBXFileReference; lastKnownFileType = sourcecode.swift; path = RasterFeld.swift; sourceTree = "<group>"; };
		EC17A43028EE1BF700486844 /* TicTacToeGui.swift */ = {isa = PBXFileReference; lastKnownFileType = sourcecode.swift; path = TicTacToeGui.swift; sourceTree = "<group>"; };
		EC17A43328EE1D7900486844 /* TicTacToeGui.swift */ = {isa = PBXFileReference; lastKnownFileType = sourcecode.swift; path = TicTacToeGui.swift; sourceTree = "<group>"; };
		EC17A43528EE1DFE00486844 /* Info.plist */ = {isa = PBXFileReference; lastKnownFileType = text.plist; path = Info.plist; sourceTree = "<group>"; };
		EC17A43628EE1E4600486844 /* Info.plist */ = {isa = PBXFileReference; lastKnownFileType = text.plist; path = Info.plist; sourceTree = "<group>"; };
		EC2FC13C28F45E4E001AE90E /* Path.swift */ = {isa = PBXFileReference; lastKnownFileType = sourcecode.swift; path = Path.swift; sourceTree = "<group>"; };
		EC2FC14A28F4BB5D001AE90E /* ScoreIndicator.swift */ = {isa = PBXFileReference; lastKnownFileType = sourcecode.swift; path = ScoreIndicator.swift; sourceTree = "<group>"; };
		EC44F72C28F0317F007650DB /* Painting.swift */ = {isa = PBXFileReference; lastKnownFileType = sourcecode.swift; path = Painting.swift; sourceTree = "<group>"; };
		EC4F137928EF82AF000B186E /* FarbWaehler.swift */ = {isa = PBXFileReference; lastKnownFileType = sourcecode.swift; path = FarbWaehler.swift; sourceTree = "<group>"; };
		EC70AE6328F13AF000965BA7 /* ObjectSelector.swift */ = {isa = PBXFileReference; lastKnownFileType = sourcecode.swift; path = ObjectSelector.swift; sourceTree = "<group>"; };
		EC70AE6728F13E1500965BA7 /* DrawingObjectView.swift */ = {isa = PBXFileReference; lastKnownFileType = sourcecode.swift; path = DrawingObjectView.swift; sourceTree = "<group>"; };
		EC70AE6B28F13F9800965BA7 /* DrawingObjekteEnum.swift */ = {isa = PBXFileReference; lastKnownFileType = sourcecode.swift; path = DrawingObjekteEnum.swift; sourceTree = "<group>"; };
		EC70AE7728F1D8F500965BA7 /* Dickenwaehler.swift */ = {isa = PBXFileReference; lastKnownFileType = sourcecode.swift; path = Dickenwaehler.swift; sourceTree = "<group>"; };
		EC70AE7B28F1D9F800965BA7 /* ObjectPlacementButton.swift */ = {isa = PBXFileReference; lastKnownFileType = sourcecode.swift; path = ObjectPlacementButton.swift; sourceTree = "<group>"; };
		EC7BA5AE29072BBA00B74798 /* WelcomeView.swift */ = {isa = PBXFileReference; lastKnownFileType = sourcecode.swift; path = WelcomeView.swift; sourceTree = "<group>"; };
		EC7BA5B229072CD400B74798 /* GameSceneModifierMac.swift */ = {isa = PBXFileReference; lastKnownFileType = sourcecode.swift; path = GameSceneModifierMac.swift; sourceTree = "<group>"; };
		EC7BA5B429072CF900B74798 /* PongMenu.swift */ = {isa = PBXFileReference; lastKnownFileType = sourcecode.swift; path = PongMenu.swift; sourceTree = "<group>"; };
		EC8C5E34290935C800E5B325 /* GuessView.swift */ = {isa = PBXFileReference; lastKnownFileType = sourcecode.swift; path = GuessView.swift; sourceTree = "<group>"; };
		EC8C5E362909371900E5B325 /* GuessEngine.swift */ = {isa = PBXFileReference; lastKnownFileType = sourcecode.swift; path = GuessEngine.swift; sourceTree = "<group>"; };
		EC8C5E3B290937BC00E5B325 /* NumberView.swift */ = {isa = PBXFileReference; lastKnownFileType = sourcecode.swift; path = NumberView.swift; sourceTree = "<group>"; };
		EC8C5E3F2909395900E5B325 /* NumberEnums.swift */ = {isa = PBXFileReference; lastKnownFileType = sourcecode.swift; path = NumberEnums.swift; sourceTree = "<group>"; };
		EC8C5E432909498200E5B325 /* WinTable.swift */ = {isa = PBXFileReference; lastKnownFileType = sourcecode.swift; path = WinTable.swift; sourceTree = "<group>"; };
		EC8C5E4729094EA400E5B325 /* GuessButtons.swift */ = {isa = PBXFileReference; lastKnownFileType = sourcecode.swift; path = GuessButtons.swift; sourceTree = "<group>"; };
		EC8C5E4C29094F5700E5B325 /* GuessView.swift */ = {isa = PBXFileReference; lastKnownFileType = sourcecode.swift; path = GuessView.swift; sourceTree = "<group>"; };
		EC8C5E4E2909529100E5B325 /* NumberViewHelper.swift */ = {isa = PBXFileReference; lastKnownFileType = sourcecode.swift; path = NumberViewHelper.swift; sourceTree = "<group>"; };
		EC8E994E28FB5DF300B169BC /* GameEnums.swift */ = {isa = PBXFileReference; lastKnownFileType = sourcecode.swift; path = GameEnums.swift; sourceTree = "<group>"; };
		EC8E995228FBEED300B169BC /* PongMenu.swift */ = {isa = PBXFileReference; lastKnownFileType = sourcecode.swift; path = PongMenu.swift; sourceTree = "<group>"; };
		EC8E995528FBF42000B169BC /* NavigationBarColor.swift */ = {isa = PBXFileReference; lastKnownFileType = sourcecode.swift; path = NavigationBarColor.swift; sourceTree = "<group>"; };
		EC8E996E28FC0B4C00B169BC /* GameSceneModifier.swift */ = {isa = PBXFileReference; lastKnownFileType = sourcecode.swift; path = GameSceneModifier.swift; sourceTree = "<group>"; };
		EC8E997428FC33AD00B169BC /* GameView.swift */ = {isa = PBXFileReference; lastKnownFileType = sourcecode.swift; path = GameView.swift; sourceTree = "<group>"; };
		EC8E997828FC33B400B169BC /* PongMenu.swift */ = {isa = PBXFileReference; lastKnownFileType = sourcecode.swift; path = PongMenu.swift; sourceTree = "<group>"; };
		EC8E997C28FC33C200B169BC /* GameSceneModifier.swift */ = {isa = PBXFileReference; lastKnownFileType = sourcecode.swift; path = GameSceneModifier.swift; sourceTree = "<group>"; };
		EC8E998528FC81E300B169BC /* GameView.swift */ = {isa = PBXFileReference; lastKnownFileType = sourcecode.swift; path = GameView.swift; sourceTree = "<group>"; };
		ECE7637628FAB4C4005F2D1D /* GameScene.swift */ = {isa = PBXFileReference; lastKnownFileType = sourcecode.swift; name = GameScene.swift; path = Shared/pong/GameScene.swift; sourceTree = SOURCE_ROOT; };
		ECE7637A28FB0B1D005F2D1D /* EventListener.swift */ = {isa = PBXFileReference; lastKnownFileType = sourcecode.swift; path = EventListener.swift; sourceTree = "<group>"; };
		ECE7638328FB1528005F2D1D /* Launch Screen.storyboard */ = {isa = PBXFileReference; fileEncoding = 4; lastKnownFileType = file.storyboard; path = "Launch Screen.storyboard"; sourceTree = "<group>"; };
		ECE7638628FB16C3005F2D1D /* ObjectSummoner.swift */ = {isa = PBXFileReference; lastKnownFileType = sourcecode.swift; path = ObjectSummoner.swift; sourceTree = "<group>"; };
		ECE827A2290A579D008AF2F2 /* GuessView.swift */ = {isa = PBXFileReference; lastKnownFileType = sourcecode.swift; path = GuessView.swift; sourceTree = "<group>"; };
		ECFB568D28F5CDCD006A3056 /* SpriteKit.framework */ = {isa = PBXFileReference; lastKnownFileType = wrapper.framework; name = SpriteKit.framework; path = Platforms/iPhoneOS.platform/Developer/SDKs/iPhoneOS16.0.sdk/System/Library/Frameworks/SpriteKit.framework; sourceTree = DEVELOPER_DIR; };
		ECFB56A328F6F338006A3056 /* GameView.swift */ = {isa = PBXFileReference; lastKnownFileType = sourcecode.swift; path = GameView.swift; sourceTree = "<group>"; };
		ECFB56A828F6F43D006A3056 /* SpriteKit.framework */ = {isa = PBXFileReference; lastKnownFileType = wrapper.framework; name = SpriteKit.framework; path = System/Library/Frameworks/SpriteKit.framework; sourceTree = SDKROOT; };
/* End PBXFileReference section */

/* Begin PBXFrameworksBuildPhase section */
		EC097CB828EE4201008C8762 /* Frameworks */ = {
			isa = PBXFrameworksBuildPhase;
			buildActionMask = 2147483647;
			files = (
				ECFB56AA28F6F448006A3056 /* SpriteKit.framework in Frameworks */,
			);
			runOnlyForDeploymentPostprocessing = 0;
		};
		EC17A3FE28EE19A400486844 /* Frameworks */ = {
			isa = PBXFrameworksBuildPhase;
			buildActionMask = 2147483647;
			files = (
				ECFB56A728F6F434006A3056 /* SpriteKit.framework in Frameworks */,
			);
			runOnlyForDeploymentPostprocessing = 0;
		};
		EC17A41228EE19E000486844 /* Frameworks */ = {
			isa = PBXFrameworksBuildPhase;
			buildActionMask = 2147483647;
			files = (
				ECFB56A928F6F43D006A3056 /* SpriteKit.framework in Frameworks */,
			);
			runOnlyForDeploymentPostprocessing = 0;
		};
/* End PBXFrameworksBuildPhase section */

/* Begin PBXGroup section */
		EC097CBC28EE4201008C8762 /* Paul-App-iPadOS */ = {
			isa = PBXGroup;
			children = (
				EC8C5E4B29094F4800E5B325 /* NumberGuess */,
				EC8E997328FC33A200B169BC /* pong */,
				EC097CE428EF150C008C8762 /* paint */,
				EC097CCE28EE42C4008C8762 /* tictactoe */,
				EC097CCD28EE4289008C8762 /* Info.plist */,
				EC097CBD28EE4201008C8762 /* Paul_App_iPadOSApp.swift */,
				EC097CBF28EE4201008C8762 /* MainMenu.swift */,
				EC097CC128EE4201008C8762 /* Assets.xcassets */,
				EC097CC328EE4201008C8762 /* Preview Content */,
			);
			path = "Paul-App-iPadOS";
			sourceTree = "<group>";
		};
		EC097CC328EE4201008C8762 /* Preview Content */ = {
			isa = PBXGroup;
			children = (
				EC097CC428EE4201008C8762 /* Preview Assets.xcassets */,
			);
			path = "Preview Content";
			sourceTree = "<group>";
		};
		EC097CCE28EE42C4008C8762 /* tictactoe */ = {
			isa = PBXGroup;
			children = (
				EC097CCF28EE42D4008C8762 /* TicTacToeGui.swift */,
			);
			path = tictactoe;
			sourceTree = "<group>";
		};
		EC097CDC28EF0A10008C8762 /* paint */ = {
			isa = PBXGroup;
			children = (
				EC097CDD28EF0A27008C8762 /* PaintMainGui.swift */,
			);
			path = paint;
			sourceTree = "<group>";
		};
		EC097CDF28EF123C008C8762 /* paint */ = {
			isa = PBXGroup;
			children = (
				EC2FC14128F46301001AE90E /* CanvasItems */,
				EC2FC14028F462EF001AE90E /* ObjectSelector */,
				EC097CE728EF15A5008C8762 /* PaintEngine.swift */,
			);
			path = paint;
			sourceTree = "<group>";
		};
		EC097CE428EF150C008C8762 /* paint */ = {
			isa = PBXGroup;
			children = (
				EC097CE528EF1521008C8762 /* PaintMainGui.swift */,
			);
			path = paint;
			sourceTree = "<group>";
		};
		EC097CEB28EF1977008C8762 /* paint */ = {
			isa = PBXGroup;
			children = (
				EC097CEC28EF1986008C8762 /* PaintMainGui.swift */,
			);
			path = paint;
			sourceTree = "<group>";
		};
		EC17A3F628EE198200486844 = {
			isa = PBXGroup;
			children = (
				EC17A42428EE19E500486844 /* Shared */,
				EC17A40328EE19A400486844 /* Paul-App-iOS */,
				EC17A41628EE19E000486844 /* Paul-App-MacOS */,
				EC097CBC28EE4201008C8762 /* Paul-App-iPadOS */,
				EC17A40228EE19A400486844 /* Products */,
				ECFB568C28F5CDCD006A3056 /* Frameworks */,
			);
			sourceTree = "<group>";
		};
		EC17A40228EE19A400486844 /* Products */ = {
			isa = PBXGroup;
			children = (
				EC17A40128EE19A400486844 /* Paul-App-iOS.app */,
				EC17A41528EE19E000486844 /* Paul-App-MacOS.app */,
				EC097CBB28EE4201008C8762 /* Paul-App-iPadOS.app */,
			);
			name = Products;
			sourceTree = "<group>";
		};
		EC17A40328EE19A400486844 /* Paul-App-iOS */ = {
			isa = PBXGroup;
			children = (
				EC8C5E33290935B000E5B325 /* NumberGuess */,
				ECFB565C28F5B042006A3056 /* pong */,
				EC17A43628EE1E4600486844 /* Info.plist */,
				EC17A40D28EE19A500486844 /* Paul_App_iOS.entitlements */,
				EC17A40828EE19A500486844 /* Assets.xcassets */,
				EC17A40428EE19A400486844 /* Paul_App_iOSApp.swift */,
				EC17A40628EE19A400486844 /* MainMenu.swift */,
				EC097CEB28EF1977008C8762 /* paint */,
				EC17A42F28EE1BDB00486844 /* tictactoe */,
				EC17A40A28EE19A500486844 /* Preview Content */,
			);
			path = "Paul-App-iOS";
			sourceTree = "<group>";
		};
		EC17A40A28EE19A500486844 /* Preview Content */ = {
			isa = PBXGroup;
			children = (
				EC17A40B28EE19A500486844 /* Preview Assets.xcassets */,
			);
			path = "Preview Content";
			sourceTree = "<group>";
		};
		EC17A41628EE19E000486844 /* Paul-App-MacOS */ = {
			isa = PBXGroup;
			children = (
				ECE827A1290A5791008AF2F2 /* NumberGuess */,
				EC8E998428FC81DA00B169BC /* pong */,
				EC17A43528EE1DFE00486844 /* Info.plist */,
				EC17A41728EE19E000486844 /* Paul_App_MacOSApp.swift */,
				EC17A41928EE19E000486844 /* MainMenu.swift */,
				EC097CDC28EF0A10008C8762 /* paint */,
				EC17A43228EE1D6B00486844 /* tictactoe */,
				EC17A41B28EE19E000486844 /* Assets.xcassets */,
				EC17A42028EE19E000486844 /* Paul_App_MacOS.entitlements */,
				EC17A41D28EE19E000486844 /* Preview Content */,
			);
			path = "Paul-App-MacOS";
			sourceTree = "<group>";
		};
		EC17A41D28EE19E000486844 /* Preview Content */ = {
			isa = PBXGroup;
			children = (
				EC17A41E28EE19E000486844 /* Preview Assets.xcassets */,
			);
			path = "Preview Content";
			sourceTree = "<group>";
		};
		EC17A42428EE19E500486844 /* Shared */ = {
			isa = PBXGroup;
			children = (
				EC8C5E322909350200E5B325 /* NumberGuess */,
				EC8E995428FBF41000B169BC /* Utils */,
				ECE7638228FB1528005F2D1D /* LaunchScreen */,
				ECFB565B28F5B03A006A3056 /* pong */,
				EC097CDF28EF123C008C8762 /* paint */,
				EC17A42928EE1AF200486844 /* Assets.xcassets */,
				EC17A42528EE1A0200486844 /* tictactoe */,
				EC097CD428EEF578008C8762 /* AppDelegate.swift */,
			);
			path = Shared;
			sourceTree = "<group>";
		};
		EC17A42528EE1A0200486844 /* tictactoe */ = {
			isa = PBXGroup;
			children = (
				EC17A42628EE1A3600486844 /* TicTacToeEngine.swift */,
				EC17A42C28EE1B2300486844 /* RasterFeld.swift */,
				EC2FC14A28F4BB5D001AE90E /* ScoreIndicator.swift */,
			);
			path = tictactoe;
			sourceTree = "<group>";
		};
		EC17A42F28EE1BDB00486844 /* tictactoe */ = {
			isa = PBXGroup;
			children = (
				EC17A43028EE1BF700486844 /* TicTacToeGui.swift */,
			);
			path = tictactoe;
			sourceTree = "<group>";
		};
		EC17A43228EE1D6B00486844 /* tictactoe */ = {
			isa = PBXGroup;
			children = (
				EC17A43328EE1D7900486844 /* TicTacToeGui.swift */,
			);
			path = tictactoe;
			sourceTree = "<group>";
		};
		EC2FC14028F462EF001AE90E /* ObjectSelector */ = {
			isa = PBXGroup;
			children = (
				EC70AE6B28F13F9800965BA7 /* DrawingObjekteEnum.swift */,
				EC70AE6728F13E1500965BA7 /* DrawingObjectView.swift */,
				EC70AE6328F13AF000965BA7 /* ObjectSelector.swift */,
				EC70AE7B28F1D9F800965BA7 /* ObjectPlacementButton.swift */,
			);
			path = ObjectSelector;
			sourceTree = "<group>";
		};
		EC2FC14128F46301001AE90E /* CanvasItems */ = {
			isa = PBXGroup;
			children = (
				EC4F137928EF82AF000B186E /* FarbWaehler.swift */,
				EC70AE7728F1D8F500965BA7 /* Dickenwaehler.swift */,
				EC44F72C28F0317F007650DB /* Painting.swift */,
				EC097CE028EF126D008C8762 /* Linie.swift */,
				EC2FC13C28F45E4E001AE90E /* Path.swift */,
			);
			path = CanvasItems;
			sourceTree = "<group>";
		};
		EC8C5E322909350200E5B325 /* NumberGuess */ = {
			isa = PBXGroup;
			children = (
				EC8C5E362909371900E5B325 /* GuessEngine.swift */,
				EC8C5E3B290937BC00E5B325 /* NumberView.swift */,
				EC8C5E3F2909395900E5B325 /* NumberEnums.swift */,
				EC8C5E432909498200E5B325 /* WinTable.swift */,
				EC8C5E4729094EA400E5B325 /* GuessButtons.swift */,
				EC8C5E4E2909529100E5B325 /* NumberViewHelper.swift */,
			);
			path = NumberGuess;
			sourceTree = "<group>";
		};
		EC8C5E33290935B000E5B325 /* NumberGuess */ = {
			isa = PBXGroup;
			children = (
				EC8C5E34290935C800E5B325 /* GuessView.swift */,
			);
			path = NumberGuess;
			sourceTree = "<group>";
		};
		EC8C5E4B29094F4800E5B325 /* NumberGuess */ = {
			isa = PBXGroup;
			children = (
				EC8C5E4C29094F5700E5B325 /* GuessView.swift */,
			);
			path = NumberGuess;
			sourceTree = "<group>";
		};
		EC8E995428FBF41000B169BC /* Utils */ = {
			isa = PBXGroup;
			children = (
				EC8E995528FBF42000B169BC /* NavigationBarColor.swift */,
				EC7BA5AE29072BBA00B74798 /* WelcomeView.swift */,
			);
			path = Utils;
			sourceTree = "<group>";
		};
		EC8E997328FC33A200B169BC /* pong */ = {
			isa = PBXGroup;
			children = (
				EC8E997428FC33AD00B169BC /* GameView.swift */,
				EC8E997828FC33B400B169BC /* PongMenu.swift */,
				EC8E997C28FC33C200B169BC /* GameSceneModifier.swift */,
			);
			path = pong;
			sourceTree = "<group>";
		};
		EC8E998428FC81DA00B169BC /* pong */ = {
			isa = PBXGroup;
			children = (
				EC8E998528FC81E300B169BC /* GameView.swift */,
				EC7BA5B229072CD400B74798 /* GameSceneModifierMac.swift */,
				EC7BA5B429072CF900B74798 /* PongMenu.swift */,
			);
			path = pong;
			sourceTree = "<group>";
		};
		ECE7638228FB1528005F2D1D /* LaunchScreen */ = {
			isa = PBXGroup;
			children = (
				ECE7638328FB1528005F2D1D /* Launch Screen.storyboard */,
			);
			path = LaunchScreen;
			sourceTree = "<group>";
		};
		ECE827A1290A5791008AF2F2 /* NumberGuess */ = {
			isa = PBXGroup;
			children = (
				ECE827A2290A579D008AF2F2 /* GuessView.swift */,
			);
			path = NumberGuess;
			sourceTree = "<group>";
		};
		ECFB565B28F5B03A006A3056 /* pong */ = {
			isa = PBXGroup;
			children = (
				ECE7637628FAB4C4005F2D1D /* GameScene.swift */,
				ECE7637A28FB0B1D005F2D1D /* EventListener.swift */,
				ECE7638628FB16C3005F2D1D /* ObjectSummoner.swift */,
				EC8E994E28FB5DF300B169BC /* GameEnums.swift */,
			);
			path = pong;
			sourceTree = "<group>";
		};
		ECFB565C28F5B042006A3056 /* pong */ = {
			isa = PBXGroup;
			children = (
				ECFB56A328F6F338006A3056 /* GameView.swift */,
				EC8E995228FBEED300B169BC /* PongMenu.swift */,
				EC8E996E28FC0B4C00B169BC /* GameSceneModifier.swift */,
			);
			path = pong;
			sourceTree = "<group>";
		};
		ECFB568C28F5CDCD006A3056 /* Frameworks */ = {
			isa = PBXGroup;
			children = (
				ECFB56A828F6F43D006A3056 /* SpriteKit.framework */,
				ECFB568D28F5CDCD006A3056 /* SpriteKit.framework */,
			);
			name = Frameworks;
			sourceTree = "<group>";
		};
/* End PBXGroup section */

/* Begin PBXNativeTarget section */
		EC097CBA28EE4201008C8762 /* Paul-App-iPadOS */ = {
			isa = PBXNativeTarget;
			buildConfigurationList = EC097CC628EE4201008C8762 /* Build configuration list for PBXNativeTarget "Paul-App-iPadOS" */;
			buildPhases = (
				EC097CB728EE4201008C8762 /* Sources */,
				EC097CB828EE4201008C8762 /* Frameworks */,
				EC097CB928EE4201008C8762 /* Resources */,
			);
			buildRules = (
			);
			dependencies = (
			);
			name = "Paul-App-iPadOS";
			productName = "Paul-App-iPadOS";
			productReference = EC097CBB28EE4201008C8762 /* Paul-App-iPadOS.app */;
			productType = "com.apple.product-type.application";
		};
		EC17A40028EE19A400486844 /* Paul-App-iOS */ = {
			isa = PBXNativeTarget;
			buildConfigurationList = EC17A40E28EE19A500486844 /* Build configuration list for PBXNativeTarget "Paul-App-iOS" */;
			buildPhases = (
				EC17A3FD28EE19A400486844 /* Sources */,
				EC17A3FE28EE19A400486844 /* Frameworks */,
				EC17A3FF28EE19A400486844 /* Resources */,
			);
			buildRules = (
			);
			dependencies = (
			);
			name = "Paul-App-iOS";
			productName = "Paul-App-iOS";
			productReference = EC17A40128EE19A400486844 /* Paul-App-iOS.app */;
			productType = "com.apple.product-type.application";
		};
		EC17A41428EE19E000486844 /* Paul-App-MacOS */ = {
			isa = PBXNativeTarget;
			buildConfigurationList = EC17A42128EE19E000486844 /* Build configuration list for PBXNativeTarget "Paul-App-MacOS" */;
			buildPhases = (
				EC17A41128EE19E000486844 /* Sources */,
				EC17A41228EE19E000486844 /* Frameworks */,
				EC17A41328EE19E000486844 /* Resources */,
			);
			buildRules = (
			);
			dependencies = (
			);
			name = "Paul-App-MacOS";
			productName = "Paul-App-MacOS";
			productReference = EC17A41528EE19E000486844 /* Paul-App-MacOS.app */;
			productType = "com.apple.product-type.application";
		};
/* End PBXNativeTarget section */

/* Begin PBXProject section */
		EC17A3F728EE198200486844 /* Project object */ = {
			isa = PBXProject;
			attributes = {
				BuildIndependentTargetsInParallel = 1;
				LastSwiftUpdateCheck = 1400;
				LastUpgradeCheck = 1400;
				TargetAttributes = {
					EC097CBA28EE4201008C8762 = {
						CreatedOnToolsVersion = 14.0.1;
					};
					EC17A40028EE19A400486844 = {
						CreatedOnToolsVersion = 14.0.1;
					};
					EC17A41428EE19E000486844 = {
						CreatedOnToolsVersion = 14.0.1;
					};
				};
			};
			buildConfigurationList = EC17A3FA28EE198200486844 /* Build configuration list for PBXProject "Paul-App" */;
			compatibilityVersion = "Xcode 14.0";
			developmentRegion = en;
			hasScannedForEncodings = 0;
			knownRegions = (
				en,
				Base,
			);
			mainGroup = EC17A3F628EE198200486844;
			productRefGroup = EC17A40228EE19A400486844 /* Products */;
			projectDirPath = "";
			projectRoot = "";
			targets = (
				EC17A40028EE19A400486844 /* Paul-App-iOS */,
				EC17A41428EE19E000486844 /* Paul-App-MacOS */,
				EC097CBA28EE4201008C8762 /* Paul-App-iPadOS */,
			);
		};
/* End PBXProject section */

/* Begin PBXResourcesBuildPhase section */
		EC097CB928EE4201008C8762 /* Resources */ = {
			isa = PBXResourcesBuildPhase;
			buildActionMask = 2147483647;
			files = (
				EC097CC528EE4201008C8762 /* Preview Assets.xcassets in Resources */,
				EC097CCB28EE421A008C8762 /* Assets.xcassets in Resources */,
				ECE7638528FB1528005F2D1D /* Launch Screen.storyboard in Resources */,
				EC097CC228EE4201008C8762 /* Assets.xcassets in Resources */,
			);
			runOnlyForDeploymentPostprocessing = 0;
		};
		EC17A3FF28EE19A400486844 /* Resources */ = {
			isa = PBXResourcesBuildPhase;
			buildActionMask = 2147483647;
			files = (
				EC17A40C28EE19A500486844 /* Preview Assets.xcassets in Resources */,
				EC17A42A28EE1AF200486844 /* Assets.xcassets in Resources */,
				ECE7638428FB1528005F2D1D /* Launch Screen.storyboard in Resources */,
				EC17A40928EE19A500486844 /* Assets.xcassets in Resources */,
			);
			runOnlyForDeploymentPostprocessing = 0;
		};
		EC17A41328EE19E000486844 /* Resources */ = {
			isa = PBXResourcesBuildPhase;
			buildActionMask = 2147483647;
			files = (
				EC17A41F28EE19E000486844 /* Preview Assets.xcassets in Resources */,
				EC17A42B28EE1AF200486844 /* Assets.xcassets in Resources */,
				EC17A41C28EE19E000486844 /* Assets.xcassets in Resources */,
			);
			runOnlyForDeploymentPostprocessing = 0;
		};
/* End PBXResourcesBuildPhase section */

/* Begin PBXSourcesBuildPhase section */
		EC097CB728EE4201008C8762 /* Sources */ = {
			isa = PBXSourcesBuildPhase;
			buildActionMask = 2147483647;
			files = (
				EC2FC13F28F45E4E001AE90E /* Path.swift in Sources */,
				EC097CE328EF126D008C8762 /* Linie.swift in Sources */,
				EC44F72F28F0317F007650DB /* Painting.swift in Sources */,
				EC8C5E4A29094EA400E5B325 /* GuessButtons.swift in Sources */,
				EC70AE7E28F1D9F800965BA7 /* ObjectPlacementButton.swift in Sources */,
				EC7BA5B129072BBA00B74798 /* WelcomeView.swift in Sources */,
				EC8E997B28FC33B400B169BC /* PongMenu.swift in Sources */,
				EC70AE6E28F13F9800965BA7 /* DrawingObjekteEnum.swift in Sources */,
				ECE7638928FB16C3005F2D1D /* ObjectSummoner.swift in Sources */,
				EC8C5E512909529100E5B325 /* NumberViewHelper.swift in Sources */,
				EC8C5E422909395900E5B325 /* NumberEnums.swift in Sources */,
				EC097CD728EEF578008C8762 /* AppDelegate.swift in Sources */,
				EC8C5E3E290937BC00E5B325 /* NumberView.swift in Sources */,
				EC8E995828FBF42000B169BC /* NavigationBarColor.swift in Sources */,
				EC70AE6628F13AF000965BA7 /* ObjectSelector.swift in Sources */,
				EC70AE7A28F1D8F500965BA7 /* Dickenwaehler.swift in Sources */,
				EC097CC028EE4201008C8762 /* MainMenu.swift in Sources */,
				EC8C5E392909371900E5B325 /* GuessEngine.swift in Sources */,
				EC8C5E4D29094F5700E5B325 /* GuessView.swift in Sources */,
				EC8E995128FB5DF300B169BC /* GameEnums.swift in Sources */,
				EC097CE628EF1521008C8762 /* PaintMainGui.swift in Sources */,
				ECE7637D28FB0B1D005F2D1D /* EventListener.swift in Sources */,
				ECE7637928FAB4C4005F2D1D /* GameScene.swift in Sources */,
				EC097CC928EE4214008C8762 /* TicTacToeEngine.swift in Sources */,
				EC8C5E462909498200E5B325 /* WinTable.swift in Sources */,
				EC097CBE28EE4201008C8762 /* Paul_App_iPadOSApp.swift in Sources */,
				EC70AE6A28F13E1500965BA7 /* DrawingObjectView.swift in Sources */,
				EC097CD028EE42D4008C8762 /* TicTacToeGui.swift in Sources */,
				EC2FC14D28F4BB5D001AE90E /* ScoreIndicator.swift in Sources */,
				EC097CCA28EE4217008C8762 /* RasterFeld.swift in Sources */,
				EC4F137C28EF82AF000B186E /* FarbWaehler.swift in Sources */,
				EC8E997F28FC33C200B169BC /* GameSceneModifier.swift in Sources */,
				EC8E997728FC33AD00B169BC /* GameView.swift in Sources */,
				EC097CEA28EF15A5008C8762 /* PaintEngine.swift in Sources */,
			);
			runOnlyForDeploymentPostprocessing = 0;
		};
		EC17A3FD28EE19A400486844 /* Sources */ = {
			isa = PBXSourcesBuildPhase;
			buildActionMask = 2147483647;
			files = (
				EC2FC13D28F45E4E001AE90E /* Path.swift in Sources */,
				EC097CE128EF126D008C8762 /* Linie.swift in Sources */,
				EC44F72D28F0317F007650DB /* Painting.swift in Sources */,
				EC8C5E372909371900E5B325 /* GuessEngine.swift in Sources */,
				EC70AE7C28F1D9F800965BA7 /* ObjectPlacementButton.swift in Sources */,
				EC8C5E35290935C800E5B325 /* GuessView.swift in Sources */,
				EC7BA5AF29072BBA00B74798 /* WelcomeView.swift in Sources */,
				EC8C5E402909395900E5B325 /* NumberEnums.swift in Sources */,
				EC70AE6C28F13F9800965BA7 /* DrawingObjekteEnum.swift in Sources */,
				EC8C5E4F2909529100E5B325 /* NumberViewHelper.swift in Sources */,
				EC097CD528EEF578008C8762 /* AppDelegate.swift in Sources */,
				EC70AE6428F13AF000965BA7 /* ObjectSelector.swift in Sources */,
				EC70AE7828F1D8F500965BA7 /* Dickenwaehler.swift in Sources */,
				EC8C5E4829094EA400E5B325 /* GuessButtons.swift in Sources */,
				EC17A40728EE19A400486844 /* MainMenu.swift in Sources */,
				EC8E994F28FB5DF300B169BC /* GameEnums.swift in Sources */,
				EC17A42728EE1A3600486844 /* TicTacToeEngine.swift in Sources */,
				ECE7637B28FB0B1D005F2D1D /* EventListener.swift in Sources */,
				EC8E996F28FC0B4C00B169BC /* GameSceneModifier.swift in Sources */,
				ECE7637728FAB4C4005F2D1D /* GameScene.swift in Sources */,
				EC17A40528EE19A400486844 /* Paul_App_iOSApp.swift in Sources */,
				EC17A43128EE1BF700486844 /* TicTacToeGui.swift in Sources */,
				EC8E995628FBF42000B169BC /* NavigationBarColor.swift in Sources */,
				EC70AE6828F13E1500965BA7 /* DrawingObjectView.swift in Sources */,
				EC097CE828EF15A5008C8762 /* PaintEngine.swift in Sources */,
				EC2FC14B28F4BB5D001AE90E /* ScoreIndicator.swift in Sources */,
				EC8C5E3C290937BC00E5B325 /* NumberView.swift in Sources */,
				EC097CED28EF1986008C8762 /* PaintMainGui.swift in Sources */,
				EC8E995328FBEED300B169BC /* PongMenu.swift in Sources */,
				ECE7638728FB16C3005F2D1D /* ObjectSummoner.swift in Sources */,
				EC4F137A28EF82AF000B186E /* FarbWaehler.swift in Sources */,
				ECFB56A428F6F338006A3056 /* GameView.swift in Sources */,
				EC17A42D28EE1B2300486844 /* RasterFeld.swift in Sources */,
				EC8C5E442909498200E5B325 /* WinTable.swift in Sources */,
			);
			runOnlyForDeploymentPostprocessing = 0;
		};
		EC17A41128EE19E000486844 /* Sources */ = {
			isa = PBXSourcesBuildPhase;
			buildActionMask = 2147483647;
			files = (
				EC8C5E452909498200E5B325 /* WinTable.swift in Sources */,
				EC097CE228EF126D008C8762 /* Linie.swift in Sources */,
				EC17A41A28EE19E000486844 /* MainMenu.swift in Sources */,
				EC2FC13E28F45E4E001AE90E /* Path.swift in Sources */,
				EC2FC14C28F4BB5D001AE90E /* ScoreIndicator.swift in Sources */,
				EC7BA5B529072CF900B74798 /* PongMenu.swift in Sources */,
				EC097CDE28EF0A27008C8762 /* PaintMainGui.swift in Sources */,
				EC7BA5B329072CD400B74798 /* GameSceneModifierMac.swift in Sources */,
				EC44F72E28F0317F007650DB /* Painting.swift in Sources */,
				ECA3042B2906C6480095E624 /* GameEnums.swift in Sources */,
				EC70AE7928F1D8F500965BA7 /* Dickenwaehler.swift in Sources */,
				EC4F137B28EF82AF000B186E /* FarbWaehler.swift in Sources */,
				ECE827A3290A579D008AF2F2 /* GuessView.swift in Sources */,
				EC8C5E3D290937BC00E5B325 /* NumberView.swift in Sources */,
				EC70AE7D28F1D9F800965BA7 /* ObjectPlacementButton.swift in Sources */,
				EC7BA5B029072BBA00B74798 /* WelcomeView.swift in Sources */,
				ECA3042D2906C65A0095E624 /* EventListener.swift in Sources */,
				ECA3042C2906C6570095E624 /* GameScene.swift in Sources */,
				EC17A42828EE1A3600486844 /* TicTacToeEngine.swift in Sources */,
				EC8E998728FC81E300B169BC /* GameView.swift in Sources */,
				EC8C5E412909395900E5B325 /* NumberEnums.swift in Sources */,
				EC17A41828EE19E000486844 /* Paul_App_MacOSApp.swift in Sources */,
				EC70AE6528F13AF000965BA7 /* ObjectSelector.swift in Sources */,
				EC70AE6D28F13F9800965BA7 /* DrawingObjekteEnum.swift in Sources */,
				EC70AE6928F13E1500965BA7 /* DrawingObjectView.swift in Sources */,
				EC8C5E382909371900E5B325 /* GuessEngine.swift in Sources */,
				ECA3042E2906C65D0095E624 /* ObjectSummoner.swift in Sources */,
				EC17A43428EE1D7900486844 /* TicTacToeGui.swift in Sources */,
				EC8C5E4929094EA400E5B325 /* GuessButtons.swift in Sources */,
				EC097CE928EF15A5008C8762 /* PaintEngine.swift in Sources */,
				EC8C5E502909529100E5B325 /* NumberViewHelper.swift in Sources */,
				EC17A42E28EE1B2300486844 /* RasterFeld.swift in Sources */,
			);
			runOnlyForDeploymentPostprocessing = 0;
		};
/* End PBXSourcesBuildPhase section */

/* Begin XCBuildConfiguration section */
		EC097CC728EE4201008C8762 /* Debug */ = {
			isa = XCBuildConfiguration;
			buildSettings = {
				ALWAYS_SEARCH_USER_PATHS = NO;
				ASSETCATALOG_COMPILER_APPICON_NAME = AppIcon;
				ASSETCATALOG_COMPILER_GLOBAL_ACCENT_COLOR_NAME = AccentColor;
				CLANG_ANALYZER_NONNULL = YES;
				CLANG_ANALYZER_NUMBER_OBJECT_CONVERSION = YES_AGGRESSIVE;
				CLANG_CXX_LANGUAGE_STANDARD = "gnu++20";
				CLANG_ENABLE_MODULES = YES;
				CLANG_ENABLE_OBJC_ARC = YES;
				CLANG_ENABLE_OBJC_WEAK = YES;
				CLANG_WARN_BLOCK_CAPTURE_AUTORELEASING = YES;
				CLANG_WARN_BOOL_CONVERSION = YES;
				CLANG_WARN_COMMA = YES;
				CLANG_WARN_CONSTANT_CONVERSION = YES;
				CLANG_WARN_DEPRECATED_OBJC_IMPLEMENTATIONS = YES;
				CLANG_WARN_DIRECT_OBJC_ISA_USAGE = YES_ERROR;
				CLANG_WARN_DOCUMENTATION_COMMENTS = YES;
				CLANG_WARN_EMPTY_BODY = YES;
				CLANG_WARN_ENUM_CONVERSION = YES;
				CLANG_WARN_INFINITE_RECURSION = YES;
				CLANG_WARN_INT_CONVERSION = YES;
				CLANG_WARN_NON_LITERAL_NULL_CONVERSION = YES;
				CLANG_WARN_OBJC_IMPLICIT_RETAIN_SELF = YES;
				CLANG_WARN_OBJC_LITERAL_CONVERSION = YES;
				CLANG_WARN_OBJC_ROOT_CLASS = YES_ERROR;
				CLANG_WARN_QUOTED_INCLUDE_IN_FRAMEWORK_HEADER = YES;
				CLANG_WARN_RANGE_LOOP_ANALYSIS = YES;
				CLANG_WARN_STRICT_PROTOTYPES = YES;
				CLANG_WARN_SUSPICIOUS_MOVE = YES;
				CLANG_WARN_UNGUARDED_AVAILABILITY = YES_AGGRESSIVE;
				CLANG_WARN_UNREACHABLE_CODE = YES;
				CLANG_WARN__DUPLICATE_METHOD_MATCH = YES;
				CODE_SIGN_STYLE = Automatic;
				COPY_PHASE_STRIP = NO;
				CURRENT_PROJECT_VERSION = 1;
				DEBUG_INFORMATION_FORMAT = dwarf;
				DEVELOPMENT_ASSET_PATHS = "\"Paul-App-iPadOS/Preview Content\"";
				DEVELOPMENT_TEAM = X2TH88GCYU;
				ENABLE_PREVIEWS = YES;
				ENABLE_STRICT_OBJC_MSGSEND = YES;
				ENABLE_TESTABILITY = YES;
				GCC_C_LANGUAGE_STANDARD = gnu11;
				GCC_DYNAMIC_NO_PIC = NO;
				GCC_NO_COMMON_BLOCKS = YES;
				GCC_OPTIMIZATION_LEVEL = 0;
				GCC_PREPROCESSOR_DEFINITIONS = (
					"DEBUG=1",
					"$(inherited)",
				);
				GCC_WARN_64_TO_32_BIT_CONVERSION = YES;
				GCC_WARN_ABOUT_RETURN_TYPE = YES_ERROR;
				GCC_WARN_UNDECLARED_SELECTOR = YES;
				GCC_WARN_UNINITIALIZED_AUTOS = YES_AGGRESSIVE;
				GCC_WARN_UNUSED_FUNCTION = YES;
				GCC_WARN_UNUSED_VARIABLE = YES;
				GENERATE_INFOPLIST_FILE = YES;
				INFOPLIST_FILE = "Paul-App-iPadOS/Info.plist";
				INFOPLIST_KEY_CFBundleDisplayName = "Paul-App";
				INFOPLIST_KEY_LSApplicationCategoryType = "public.app-category.utilities";
				INFOPLIST_KEY_UIApplicationSceneManifest_Generation = YES;
				INFOPLIST_KEY_UIApplicationSupportsIndirectInputEvents = YES;
				INFOPLIST_KEY_UILaunchStoryboardName = "Launch Screen.storyboard";
				INFOPLIST_KEY_UIRequiresFullScreen = NO;
				INFOPLIST_KEY_UISupportedInterfaceOrientations = "UIInterfaceOrientationLandscapeLeft UIInterfaceOrientationLandscapeRight UIInterfaceOrientationPortrait";
				IPHONEOS_DEPLOYMENT_TARGET = 16.0;
				LD_RUNPATH_SEARCH_PATHS = (
					"$(inherited)",
					"@executable_path/Frameworks",
				);
				MARKETING_VERSION = 1.0;
				MTL_ENABLE_DEBUG_INFO = INCLUDE_SOURCE;
				MTL_FAST_MATH = YES;
				ONLY_ACTIVE_ARCH = YES;
				PRODUCT_BUNDLE_IDENTIFIER = "de.paulcornelissen.Paul-App-iPadOS";
				PRODUCT_NAME = "$(TARGET_NAME)";
				SDKROOT = iphoneos;
				SUPPORTED_PLATFORMS = "iphoneos iphonesimulator";
				SUPPORTS_MACCATALYST = NO;
				SUPPORTS_MAC_DESIGNED_FOR_IPHONE_IPAD = NO;
				SWIFT_ACTIVE_COMPILATION_CONDITIONS = DEBUG;
				SWIFT_EMIT_LOC_STRINGS = YES;
				SWIFT_OPTIMIZATION_LEVEL = "-Onone";
				SWIFT_VERSION = 5.0;
				TARGETED_DEVICE_FAMILY = 2;
			};
			name = Debug;
		};
		EC097CC828EE4201008C8762 /* Release */ = {
			isa = XCBuildConfiguration;
			buildSettings = {
				ALWAYS_SEARCH_USER_PATHS = NO;
				ASSETCATALOG_COMPILER_APPICON_NAME = AppIcon;
				ASSETCATALOG_COMPILER_GLOBAL_ACCENT_COLOR_NAME = AccentColor;
				CLANG_ANALYZER_NONNULL = YES;
				CLANG_ANALYZER_NUMBER_OBJECT_CONVERSION = YES_AGGRESSIVE;
				CLANG_CXX_LANGUAGE_STANDARD = "gnu++20";
				CLANG_ENABLE_MODULES = YES;
				CLANG_ENABLE_OBJC_ARC = YES;
				CLANG_ENABLE_OBJC_WEAK = YES;
				CLANG_WARN_BLOCK_CAPTURE_AUTORELEASING = YES;
				CLANG_WARN_BOOL_CONVERSION = YES;
				CLANG_WARN_COMMA = YES;
				CLANG_WARN_CONSTANT_CONVERSION = YES;
				CLANG_WARN_DEPRECATED_OBJC_IMPLEMENTATIONS = YES;
				CLANG_WARN_DIRECT_OBJC_ISA_USAGE = YES_ERROR;
				CLANG_WARN_DOCUMENTATION_COMMENTS = YES;
				CLANG_WARN_EMPTY_BODY = YES;
				CLANG_WARN_ENUM_CONVERSION = YES;
				CLANG_WARN_INFINITE_RECURSION = YES;
				CLANG_WARN_INT_CONVERSION = YES;
				CLANG_WARN_NON_LITERAL_NULL_CONVERSION = YES;
				CLANG_WARN_OBJC_IMPLICIT_RETAIN_SELF = YES;
				CLANG_WARN_OBJC_LITERAL_CONVERSION = YES;
				CLANG_WARN_OBJC_ROOT_CLASS = YES_ERROR;
				CLANG_WARN_QUOTED_INCLUDE_IN_FRAMEWORK_HEADER = YES;
				CLANG_WARN_RANGE_LOOP_ANALYSIS = YES;
				CLANG_WARN_STRICT_PROTOTYPES = YES;
				CLANG_WARN_SUSPICIOUS_MOVE = YES;
				CLANG_WARN_UNGUARDED_AVAILABILITY = YES_AGGRESSIVE;
				CLANG_WARN_UNREACHABLE_CODE = YES;
				CLANG_WARN__DUPLICATE_METHOD_MATCH = YES;
				CODE_SIGN_STYLE = Automatic;
				COPY_PHASE_STRIP = NO;
				CURRENT_PROJECT_VERSION = 1;
				DEBUG_INFORMATION_FORMAT = "dwarf-with-dsym";
				DEVELOPMENT_ASSET_PATHS = "\"Paul-App-iPadOS/Preview Content\"";
				DEVELOPMENT_TEAM = X2TH88GCYU;
				ENABLE_NS_ASSERTIONS = NO;
				ENABLE_PREVIEWS = YES;
				ENABLE_STRICT_OBJC_MSGSEND = YES;
				GCC_C_LANGUAGE_STANDARD = gnu11;
				GCC_NO_COMMON_BLOCKS = YES;
				GCC_WARN_64_TO_32_BIT_CONVERSION = YES;
				GCC_WARN_ABOUT_RETURN_TYPE = YES_ERROR;
				GCC_WARN_UNDECLARED_SELECTOR = YES;
				GCC_WARN_UNINITIALIZED_AUTOS = YES_AGGRESSIVE;
				GCC_WARN_UNUSED_FUNCTION = YES;
				GCC_WARN_UNUSED_VARIABLE = YES;
				GENERATE_INFOPLIST_FILE = YES;
				INFOPLIST_FILE = "Paul-App-iPadOS/Info.plist";
				INFOPLIST_KEY_CFBundleDisplayName = "Paul-App";
				INFOPLIST_KEY_LSApplicationCategoryType = "public.app-category.utilities";
				INFOPLIST_KEY_UIApplicationSceneManifest_Generation = YES;
				INFOPLIST_KEY_UIApplicationSupportsIndirectInputEvents = YES;
				INFOPLIST_KEY_UILaunchStoryboardName = "Launch Screen.storyboard";
				INFOPLIST_KEY_UIRequiresFullScreen = NO;
				INFOPLIST_KEY_UISupportedInterfaceOrientations = "UIInterfaceOrientationLandscapeLeft UIInterfaceOrientationLandscapeRight UIInterfaceOrientationPortrait";
				IPHONEOS_DEPLOYMENT_TARGET = 16.0;
				LD_RUNPATH_SEARCH_PATHS = (
					"$(inherited)",
					"@executable_path/Frameworks",
				);
				MARKETING_VERSION = 1.0;
				MTL_ENABLE_DEBUG_INFO = NO;
				MTL_FAST_MATH = YES;
				PRODUCT_BUNDLE_IDENTIFIER = "de.paulcornelissen.Paul-App-iPadOS";
				PRODUCT_NAME = "$(TARGET_NAME)";
				SDKROOT = iphoneos;
				SUPPORTED_PLATFORMS = "iphoneos iphonesimulator";
				SUPPORTS_MACCATALYST = NO;
				SUPPORTS_MAC_DESIGNED_FOR_IPHONE_IPAD = NO;
				SWIFT_COMPILATION_MODE = wholemodule;
				SWIFT_EMIT_LOC_STRINGS = YES;
				SWIFT_OPTIMIZATION_LEVEL = "-O";
				SWIFT_VERSION = 5.0;
				TARGETED_DEVICE_FAMILY = 2;
				VALIDATE_PRODUCT = YES;
			};
			name = Release;
		};
		EC17A3FB28EE198200486844 /* Debug */ = {
			isa = XCBuildConfiguration;
			buildSettings = {
				IPHONEOS_DEPLOYMENT_TARGET = 16.0;
				MACOSX_DEPLOYMENT_TARGET = 12.3;
				SWIFT_VERSION = 5.0;
			};
			name = Debug;
		};
		EC17A3FC28EE198200486844 /* Release */ = {
			isa = XCBuildConfiguration;
			buildSettings = {
				IPHONEOS_DEPLOYMENT_TARGET = 16.0;
				MACOSX_DEPLOYMENT_TARGET = 12.3;
				SWIFT_VERSION = 5.0;
			};
			name = Release;
		};
		EC17A40F28EE19A500486844 /* Debug */ = {
			isa = XCBuildConfiguration;
			buildSettings = {
				ALWAYS_SEARCH_USER_PATHS = NO;
				ASSETCATALOG_COMPILER_APPICON_NAME = AppIcon;
				ASSETCATALOG_COMPILER_GLOBAL_ACCENT_COLOR_NAME = AccentColor;
				CLANG_ANALYZER_NONNULL = YES;
				CLANG_ANALYZER_NUMBER_OBJECT_CONVERSION = YES_AGGRESSIVE;
				CLANG_CXX_LANGUAGE_STANDARD = "gnu++20";
				CLANG_ENABLE_MODULES = YES;
				CLANG_ENABLE_OBJC_ARC = YES;
				CLANG_ENABLE_OBJC_WEAK = YES;
				CLANG_WARN_BLOCK_CAPTURE_AUTORELEASING = YES;
				CLANG_WARN_BOOL_CONVERSION = YES;
				CLANG_WARN_COMMA = YES;
				CLANG_WARN_CONSTANT_CONVERSION = YES;
				CLANG_WARN_DEPRECATED_OBJC_IMPLEMENTATIONS = YES;
				CLANG_WARN_DIRECT_OBJC_ISA_USAGE = YES_ERROR;
				CLANG_WARN_DOCUMENTATION_COMMENTS = YES;
				CLANG_WARN_EMPTY_BODY = YES;
				CLANG_WARN_ENUM_CONVERSION = YES;
				CLANG_WARN_INFINITE_RECURSION = YES;
				CLANG_WARN_INT_CONVERSION = YES;
				CLANG_WARN_NON_LITERAL_NULL_CONVERSION = YES;
				CLANG_WARN_OBJC_IMPLICIT_RETAIN_SELF = YES;
				CLANG_WARN_OBJC_LITERAL_CONVERSION = YES;
				CLANG_WARN_OBJC_ROOT_CLASS = YES_ERROR;
				CLANG_WARN_QUOTED_INCLUDE_IN_FRAMEWORK_HEADER = YES;
				CLANG_WARN_RANGE_LOOP_ANALYSIS = YES;
				CLANG_WARN_STRICT_PROTOTYPES = YES;
				CLANG_WARN_SUSPICIOUS_MOVE = YES;
				CLANG_WARN_UNGUARDED_AVAILABILITY = YES_AGGRESSIVE;
				CLANG_WARN_UNREACHABLE_CODE = YES;
				CLANG_WARN__DUPLICATE_METHOD_MATCH = YES;
				CODE_SIGN_ENTITLEMENTS = "Paul-App-iOS/Paul_App_iOS.entitlements";
				CODE_SIGN_STYLE = Automatic;
				COMBINE_HIDPI_IMAGES = YES;
				COPY_PHASE_STRIP = NO;
				CURRENT_PROJECT_VERSION = 1;
				DEBUG_INFORMATION_FORMAT = dwarf;
				DEVELOPMENT_ASSET_PATHS = "\"Paul-App-iOS/Preview Content\"";
				DEVELOPMENT_TEAM = X2TH88GCYU;
				ENABLE_HARDENED_RUNTIME = YES;
				ENABLE_PREVIEWS = YES;
				ENABLE_STRICT_OBJC_MSGSEND = YES;
				ENABLE_TESTABILITY = YES;
				GCC_C_LANGUAGE_STANDARD = gnu11;
				GCC_DYNAMIC_NO_PIC = NO;
				GCC_NO_COMMON_BLOCKS = YES;
				GCC_OPTIMIZATION_LEVEL = 0;
				GCC_PREPROCESSOR_DEFINITIONS = (
					"DEBUG=1",
					"$(inherited)",
				);
				GCC_WARN_64_TO_32_BIT_CONVERSION = YES;
				GCC_WARN_ABOUT_RETURN_TYPE = YES_ERROR;
				GCC_WARN_UNDECLARED_SELECTOR = YES;
				GCC_WARN_UNINITIALIZED_AUTOS = YES_AGGRESSIVE;
				GCC_WARN_UNUSED_FUNCTION = YES;
				GCC_WARN_UNUSED_VARIABLE = YES;
				GENERATE_INFOPLIST_FILE = YES;
				INFOPLIST_FILE = "Paul-App-iOS/Info.plist";
				INFOPLIST_KEY_CFBundleDisplayName = "Paul-App";
				INFOPLIST_KEY_LSApplicationCategoryType = "public.app-category.utilities";
				INFOPLIST_KEY_NSHumanReadableCopyright = "";
				INFOPLIST_KEY_UILaunchStoryboardName = "Launch Screen.storyboard";
				IPHONEOS_DEPLOYMENT_TARGET = 16.0;
				LD_RUNPATH_SEARCH_PATHS = (
					"$(inherited)",
					"@executable_path/../Frameworks",
				);
				MACOSX_DEPLOYMENT_TARGET = 12.3;
				MARKETING_VERSION = 1.0;
				MTL_ENABLE_DEBUG_INFO = INCLUDE_SOURCE;
				MTL_FAST_MATH = YES;
				ONLY_ACTIVE_ARCH = YES;
				PRODUCT_BUNDLE_IDENTIFIER = "de.paulcornelissen.Paul-App-iOS";
				PRODUCT_NAME = "$(TARGET_NAME)";
				SDKROOT = macosx;
				SUPPORTED_PLATFORMS = "iphoneos iphonesimulator";
				SUPPORTS_MACCATALYST = NO;
				SUPPORTS_MAC_DESIGNED_FOR_IPHONE_IPAD = NO;
				SWIFT_ACTIVE_COMPILATION_CONDITIONS = DEBUG;
				SWIFT_EMIT_LOC_STRINGS = YES;
				SWIFT_OPTIMIZATION_LEVEL = "-Onone";
				SWIFT_VERSION = 5.0;
				TARGETED_DEVICE_FAMILY = 1;
			};
			name = Debug;
		};
		EC17A41028EE19A500486844 /* Release */ = {
			isa = XCBuildConfiguration;
			buildSettings = {
				ALWAYS_SEARCH_USER_PATHS = NO;
				ASSETCATALOG_COMPILER_APPICON_NAME = AppIcon;
				ASSETCATALOG_COMPILER_GLOBAL_ACCENT_COLOR_NAME = AccentColor;
				CLANG_ANALYZER_NONNULL = YES;
				CLANG_ANALYZER_NUMBER_OBJECT_CONVERSION = YES_AGGRESSIVE;
				CLANG_CXX_LANGUAGE_STANDARD = "gnu++20";
				CLANG_ENABLE_MODULES = YES;
				CLANG_ENABLE_OBJC_ARC = YES;
				CLANG_ENABLE_OBJC_WEAK = YES;
				CLANG_WARN_BLOCK_CAPTURE_AUTORELEASING = YES;
				CLANG_WARN_BOOL_CONVERSION = YES;
				CLANG_WARN_COMMA = YES;
				CLANG_WARN_CONSTANT_CONVERSION = YES;
				CLANG_WARN_DEPRECATED_OBJC_IMPLEMENTATIONS = YES;
				CLANG_WARN_DIRECT_OBJC_ISA_USAGE = YES_ERROR;
				CLANG_WARN_DOCUMENTATION_COMMENTS = YES;
				CLANG_WARN_EMPTY_BODY = YES;
				CLANG_WARN_ENUM_CONVERSION = YES;
				CLANG_WARN_INFINITE_RECURSION = YES;
				CLANG_WARN_INT_CONVERSION = YES;
				CLANG_WARN_NON_LITERAL_NULL_CONVERSION = YES;
				CLANG_WARN_OBJC_IMPLICIT_RETAIN_SELF = YES;
				CLANG_WARN_OBJC_LITERAL_CONVERSION = YES;
				CLANG_WARN_OBJC_ROOT_CLASS = YES_ERROR;
				CLANG_WARN_QUOTED_INCLUDE_IN_FRAMEWORK_HEADER = YES;
				CLANG_WARN_RANGE_LOOP_ANALYSIS = YES;
				CLANG_WARN_STRICT_PROTOTYPES = YES;
				CLANG_WARN_SUSPICIOUS_MOVE = YES;
				CLANG_WARN_UNGUARDED_AVAILABILITY = YES_AGGRESSIVE;
				CLANG_WARN_UNREACHABLE_CODE = YES;
				CLANG_WARN__DUPLICATE_METHOD_MATCH = YES;
				CODE_SIGN_ENTITLEMENTS = "Paul-App-iOS/Paul_App_iOS.entitlements";
				CODE_SIGN_STYLE = Automatic;
				COMBINE_HIDPI_IMAGES = YES;
				COPY_PHASE_STRIP = NO;
				CURRENT_PROJECT_VERSION = 1;
				DEBUG_INFORMATION_FORMAT = "dwarf-with-dsym";
				DEVELOPMENT_ASSET_PATHS = "\"Paul-App-iOS/Preview Content\"";
				DEVELOPMENT_TEAM = X2TH88GCYU;
				ENABLE_HARDENED_RUNTIME = YES;
				ENABLE_NS_ASSERTIONS = NO;
				ENABLE_PREVIEWS = YES;
				ENABLE_STRICT_OBJC_MSGSEND = YES;
				GCC_C_LANGUAGE_STANDARD = gnu11;
				GCC_NO_COMMON_BLOCKS = YES;
				GCC_WARN_64_TO_32_BIT_CONVERSION = YES;
				GCC_WARN_ABOUT_RETURN_TYPE = YES_ERROR;
				GCC_WARN_UNDECLARED_SELECTOR = YES;
				GCC_WARN_UNINITIALIZED_AUTOS = YES_AGGRESSIVE;
				GCC_WARN_UNUSED_FUNCTION = YES;
				GCC_WARN_UNUSED_VARIABLE = YES;
				GENERATE_INFOPLIST_FILE = YES;
				INFOPLIST_FILE = "Paul-App-iOS/Info.plist";
				INFOPLIST_KEY_CFBundleDisplayName = "Paul-App";
				INFOPLIST_KEY_LSApplicationCategoryType = "public.app-category.utilities";
				INFOPLIST_KEY_NSHumanReadableCopyright = "";
				INFOPLIST_KEY_UILaunchStoryboardName = "Launch Screen.storyboard";
				IPHONEOS_DEPLOYMENT_TARGET = 16.0;
				LD_RUNPATH_SEARCH_PATHS = (
					"$(inherited)",
					"@executable_path/../Frameworks",
				);
				MACOSX_DEPLOYMENT_TARGET = 12.3;
				MARKETING_VERSION = 1.0;
				MTL_ENABLE_DEBUG_INFO = NO;
				MTL_FAST_MATH = YES;
				PRODUCT_BUNDLE_IDENTIFIER = "de.paulcornelissen.Paul-App-iOS";
				PRODUCT_NAME = "$(TARGET_NAME)";
				SDKROOT = macosx;
				SUPPORTED_PLATFORMS = "iphoneos iphonesimulator";
				SUPPORTS_MACCATALYST = NO;
				SUPPORTS_MAC_DESIGNED_FOR_IPHONE_IPAD = NO;
				SWIFT_COMPILATION_MODE = wholemodule;
				SWIFT_EMIT_LOC_STRINGS = YES;
				SWIFT_OPTIMIZATION_LEVEL = "-O";
				SWIFT_VERSION = 5.0;
				TARGETED_DEVICE_FAMILY = 1;
			};
			name = Release;
		};
		EC17A42228EE19E000486844 /* Debug */ = {
			isa = XCBuildConfiguration;
			buildSettings = {
				ALWAYS_SEARCH_USER_PATHS = NO;
				ASSETCATALOG_COMPILER_APPICON_NAME = AppIcon;
				ASSETCATALOG_COMPILER_GLOBAL_ACCENT_COLOR_NAME = AccentColor;
				CLANG_ANALYZER_NONNULL = YES;
				CLANG_ANALYZER_NUMBER_OBJECT_CONVERSION = YES_AGGRESSIVE;
				CLANG_CXX_LANGUAGE_STANDARD = "gnu++20";
				CLANG_ENABLE_MODULES = YES;
				CLANG_ENABLE_OBJC_ARC = YES;
				CLANG_ENABLE_OBJC_WEAK = YES;
				CLANG_WARN_BLOCK_CAPTURE_AUTORELEASING = YES;
				CLANG_WARN_BOOL_CONVERSION = YES;
				CLANG_WARN_COMMA = YES;
				CLANG_WARN_CONSTANT_CONVERSION = YES;
				CLANG_WARN_DEPRECATED_OBJC_IMPLEMENTATIONS = YES;
				CLANG_WARN_DIRECT_OBJC_ISA_USAGE = YES_ERROR;
				CLANG_WARN_DOCUMENTATION_COMMENTS = YES;
				CLANG_WARN_EMPTY_BODY = YES;
				CLANG_WARN_ENUM_CONVERSION = YES;
				CLANG_WARN_INFINITE_RECURSION = YES;
				CLANG_WARN_INT_CONVERSION = YES;
				CLANG_WARN_NON_LITERAL_NULL_CONVERSION = YES;
				CLANG_WARN_OBJC_IMPLICIT_RETAIN_SELF = YES;
				CLANG_WARN_OBJC_LITERAL_CONVERSION = YES;
				CLANG_WARN_OBJC_ROOT_CLASS = YES_ERROR;
				CLANG_WARN_QUOTED_INCLUDE_IN_FRAMEWORK_HEADER = YES;
				CLANG_WARN_RANGE_LOOP_ANALYSIS = YES;
				CLANG_WARN_STRICT_PROTOTYPES = YES;
				CLANG_WARN_SUSPICIOUS_MOVE = YES;
				CLANG_WARN_UNGUARDED_AVAILABILITY = YES_AGGRESSIVE;
				CLANG_WARN_UNREACHABLE_CODE = YES;
				CLANG_WARN__DUPLICATE_METHOD_MATCH = YES;
				CODE_SIGN_ENTITLEMENTS = "Paul-App-MacOS/Paul_App_MacOS.entitlements";
				CODE_SIGN_STYLE = Automatic;
				COMBINE_HIDPI_IMAGES = YES;
				COPY_PHASE_STRIP = NO;
				CURRENT_PROJECT_VERSION = 1;
				DEBUG_INFORMATION_FORMAT = dwarf;
				DEVELOPMENT_ASSET_PATHS = "\"Paul-App-MacOS/Preview Content\"";
				DEVELOPMENT_TEAM = X2TH88GCYU;
				ENABLE_HARDENED_RUNTIME = YES;
				ENABLE_PREVIEWS = YES;
				ENABLE_STRICT_OBJC_MSGSEND = YES;
				ENABLE_TESTABILITY = YES;
				GCC_C_LANGUAGE_STANDARD = gnu11;
				GCC_DYNAMIC_NO_PIC = NO;
				GCC_NO_COMMON_BLOCKS = YES;
				GCC_OPTIMIZATION_LEVEL = 0;
				GCC_PREPROCESSOR_DEFINITIONS = (
					"DEBUG=1",
					"$(inherited)",
				);
				GCC_WARN_64_TO_32_BIT_CONVERSION = YES;
				GCC_WARN_ABOUT_RETURN_TYPE = YES_ERROR;
				GCC_WARN_UNDECLARED_SELECTOR = YES;
				GCC_WARN_UNINITIALIZED_AUTOS = YES_AGGRESSIVE;
				GCC_WARN_UNUSED_FUNCTION = YES;
				GCC_WARN_UNUSED_VARIABLE = YES;
				GENERATE_INFOPLIST_FILE = YES;
				INFOPLIST_FILE = "Paul-App-MacOS/Info.plist";
				INFOPLIST_KEY_CFBundleDisplayName = "Paul-App";
				INFOPLIST_KEY_LSApplicationCategoryType = "public.app-category.utilities";
				INFOPLIST_KEY_NSHumanReadableCopyright = "";
				LD_RUNPATH_SEARCH_PATHS = (
					"$(inherited)",
					"@executable_path/../Frameworks",
				);
				MACOSX_DEPLOYMENT_TARGET = 12.3;
				MARKETING_VERSION = 1.0;
				MTL_ENABLE_DEBUG_INFO = INCLUDE_SOURCE;
				MTL_FAST_MATH = YES;
				ONLY_ACTIVE_ARCH = YES;
				PRODUCT_BUNDLE_IDENTIFIER = "de.paulcornelissen.Paul-App-MacOS";
				PRODUCT_NAME = "$(TARGET_NAME)";
				SDKROOT = macosx;
				SWIFT_ACTIVE_COMPILATION_CONDITIONS = DEBUG;
				SWIFT_EMIT_LOC_STRINGS = YES;
				SWIFT_OPTIMIZATION_LEVEL = "-Onone";
				SWIFT_VERSION = 5.0;
			};
			name = Debug;
		};
		EC17A42328EE19E000486844 /* Release */ = {
			isa = XCBuildConfiguration;
			buildSettings = {
				ALWAYS_SEARCH_USER_PATHS = NO;
				ASSETCATALOG_COMPILER_APPICON_NAME = AppIcon;
				ASSETCATALOG_COMPILER_GLOBAL_ACCENT_COLOR_NAME = AccentColor;
				CLANG_ANALYZER_NONNULL = YES;
				CLANG_ANALYZER_NUMBER_OBJECT_CONVERSION = YES_AGGRESSIVE;
				CLANG_CXX_LANGUAGE_STANDARD = "gnu++20";
				CLANG_ENABLE_MODULES = YES;
				CLANG_ENABLE_OBJC_ARC = YES;
				CLANG_ENABLE_OBJC_WEAK = YES;
				CLANG_WARN_BLOCK_CAPTURE_AUTORELEASING = YES;
				CLANG_WARN_BOOL_CONVERSION = YES;
				CLANG_WARN_COMMA = YES;
				CLANG_WARN_CONSTANT_CONVERSION = YES;
				CLANG_WARN_DEPRECATED_OBJC_IMPLEMENTATIONS = YES;
				CLANG_WARN_DIRECT_OBJC_ISA_USAGE = YES_ERROR;
				CLANG_WARN_DOCUMENTATION_COMMENTS = YES;
				CLANG_WARN_EMPTY_BODY = YES;
				CLANG_WARN_ENUM_CONVERSION = YES;
				CLANG_WARN_INFINITE_RECURSION = YES;
				CLANG_WARN_INT_CONVERSION = YES;
				CLANG_WARN_NON_LITERAL_NULL_CONVERSION = YES;
				CLANG_WARN_OBJC_IMPLICIT_RETAIN_SELF = YES;
				CLANG_WARN_OBJC_LITERAL_CONVERSION = YES;
				CLANG_WARN_OBJC_ROOT_CLASS = YES_ERROR;
				CLANG_WARN_QUOTED_INCLUDE_IN_FRAMEWORK_HEADER = YES;
				CLANG_WARN_RANGE_LOOP_ANALYSIS = YES;
				CLANG_WARN_STRICT_PROTOTYPES = YES;
				CLANG_WARN_SUSPICIOUS_MOVE = YES;
				CLANG_WARN_UNGUARDED_AVAILABILITY = YES_AGGRESSIVE;
				CLANG_WARN_UNREACHABLE_CODE = YES;
				CLANG_WARN__DUPLICATE_METHOD_MATCH = YES;
				CODE_SIGN_ENTITLEMENTS = "Paul-App-MacOS/Paul_App_MacOS.entitlements";
				CODE_SIGN_STYLE = Automatic;
				COMBINE_HIDPI_IMAGES = YES;
				COPY_PHASE_STRIP = NO;
				CURRENT_PROJECT_VERSION = 1;
				DEBUG_INFORMATION_FORMAT = "dwarf-with-dsym";
				DEVELOPMENT_ASSET_PATHS = "\"Paul-App-MacOS/Preview Content\"";
				DEVELOPMENT_TEAM = X2TH88GCYU;
				ENABLE_HARDENED_RUNTIME = YES;
				ENABLE_NS_ASSERTIONS = NO;
				ENABLE_PREVIEWS = YES;
				ENABLE_STRICT_OBJC_MSGSEND = YES;
				GCC_C_LANGUAGE_STANDARD = gnu11;
				GCC_NO_COMMON_BLOCKS = YES;
				GCC_WARN_64_TO_32_BIT_CONVERSION = YES;
				GCC_WARN_ABOUT_RETURN_TYPE = YES_ERROR;
				GCC_WARN_UNDECLARED_SELECTOR = YES;
				GCC_WARN_UNINITIALIZED_AUTOS = YES_AGGRESSIVE;
				GCC_WARN_UNUSED_FUNCTION = YES;
				GCC_WARN_UNUSED_VARIABLE = YES;
				GENERATE_INFOPLIST_FILE = YES;
				INFOPLIST_FILE = "Paul-App-MacOS/Info.plist";
				INFOPLIST_KEY_CFBundleDisplayName = "Paul-App";
				INFOPLIST_KEY_LSApplicationCategoryType = "public.app-category.utilities";
				INFOPLIST_KEY_NSHumanReadableCopyright = "";
				LD_RUNPATH_SEARCH_PATHS = (
					"$(inherited)",
					"@executable_path/../Frameworks",
				);
				MACOSX_DEPLOYMENT_TARGET = 12.3;
				MARKETING_VERSION = 1.0;
				MTL_ENABLE_DEBUG_INFO = NO;
				MTL_FAST_MATH = YES;
				PRODUCT_BUNDLE_IDENTIFIER = "de.paulcornelissen.Paul-App-MacOS";
				PRODUCT_NAME = "$(TARGET_NAME)";
				SDKROOT = macosx;
				SWIFT_COMPILATION_MODE = wholemodule;
				SWIFT_EMIT_LOC_STRINGS = YES;
				SWIFT_OPTIMIZATION_LEVEL = "-O";
				SWIFT_VERSION = 5.0;
			};
			name = Release;
		};
/* End XCBuildConfiguration section */

/* Begin XCConfigurationList section */
		EC097CC628EE4201008C8762 /* Build configuration list for PBXNativeTarget "Paul-App-iPadOS" */ = {
			isa = XCConfigurationList;
			buildConfigurations = (
				EC097CC728EE4201008C8762 /* Debug */,
				EC097CC828EE4201008C8762 /* Release */,
			);
			defaultConfigurationIsVisible = 0;
			defaultConfigurationName = Release;
		};
		EC17A3FA28EE198200486844 /* Build configuration list for PBXProject "Paul-App" */ = {
			isa = XCConfigurationList;
			buildConfigurations = (
				EC17A3FB28EE198200486844 /* Debug */,
				EC17A3FC28EE198200486844 /* Release */,
			);
			defaultConfigurationIsVisible = 0;
			defaultConfigurationName = Release;
		};
		EC17A40E28EE19A500486844 /* Build configuration list for PBXNativeTarget "Paul-App-iOS" */ = {
			isa = XCConfigurationList;
			buildConfigurations = (
				EC17A40F28EE19A500486844 /* Debug */,
				EC17A41028EE19A500486844 /* Release */,
			);
			defaultConfigurationIsVisible = 0;
			defaultConfigurationName = Release;
		};
		EC17A42128EE19E000486844 /* Build configuration list for PBXNativeTarget "Paul-App-MacOS" */ = {
			isa = XCConfigurationList;
			buildConfigurations = (
				EC17A42228EE19E000486844 /* Debug */,
				EC17A42328EE19E000486844 /* Release */,
			);
			defaultConfigurationIsVisible = 0;
			defaultConfigurationName = Release;
		};
/* End XCConfigurationList section */
	};
	rootObject = EC17A3F728EE198200486844 /* Project object */;
}
